{
  "version": 4,
  "terraform_version": "1.10.5",
  "serial": 3,
  "lineage": "c81b5737-ebbf-fe60-8474-c5a2f7e8edf6",
  "outputs": {},
  "resources": [
    {
      "mode": "managed",
      "type": "yandex_resourcemanager_folder",
      "name": "foldergo",
      "provider": "provider[\"registry.terraform.io/yandex-cloud/yandex\"]",
      "instances": [
        {
          "schema_version": 0,
          "attributes": {
            "cloud_id": "b1gatc4m3hv1ldldhljp",
            "created_at": "2025-04-14T09:48:33Z",
            "description": "Профиль для GO",
            "id": "b1g4v564h3u7vdc89u9r",
            "labels": null,
            "name": "goprofile",
            "timeouts": null
          },
          "sensitive_attributes": [],
          "private": "eyJlMmJmYjczMC1lY2FhLTExZTYtOGY4OC0zNDM2M2JjN2M0YzAiOnsiY3JlYXRlIjo2MDAwMDAwMDAwMCwiZGVsZXRlIjoxODAwMDAwMDAwMDAwLCJyZWFkIjo2MDAwMDAwMDAwMCwidXBkYXRlIjo2MDAwMDAwMDAwMH19"
        }
      ]
    }
  ],
  "check_results": null
}
