{
  "version": 4,
  "terraform_version": "1.10.5",
  "serial": 45,
  "lineage": "baec3541-d583-fdb2-5ea5-4f8b6a391923",
  "outputs": {
    "metrics_func": {
      "value": "   https://functions.yandexcloud.net/d4e06vabjdld7jn88vob  ",
      "type": "string"
    }
  },
  "resources": [
    {
      "mode": "data",
      "type": "archive_file",
      "name": "lambda",
      "provider": "provider[\"registry.terraform.io/hashicorp/archive\"]",
      "instances": [
        {
          "schema_version": 0,
          "attributes": {
            "exclude_symlink_directories": null,
            "excludes": null,
            "id": "5b02d5db3278dec4ab7dc54e1db36f75c067c1a6",
            "output_base64sha256": "X+eHN6rAovLoA2Aqo0uoTmBBZRozGx69VzurCl4FhrA=",
            "output_base64sha512": "vQ7CZW6xpdYBJMQPj5tt1xRD72DPuBC8t4bApKgLvEutQ1sswJyw7Yl5n4xdADh6TC+MOcChRLL+lfp8Y8XACQ==",
            "output_file_mode": null,
            "output_md5": "f27c6225e277ef23dfcbffda2929dc87",
            "output_path": "goim.zip",
            "output_sha": "5b02d5db3278dec4ab7dc54e1db36f75c067c1a6",
            "output_sha256": "5fe78737aac0a2f2e803602aa34ba84e6041651a331b1ebd573bab0a5e0586b0",
            "output_sha512": "bd0ec2656eb1a5d60124c40f8f9b6dd71443ef60cfb810bcb786c0a4a80bbc4bad435b2cc09cb0ed89799f8c5d00387a4c2f8c39c0a144b2fe95fa7c63c5c009",
            "output_size": 3295,
            "source": [],
            "source_content": null,
            "source_content_filename": null,
            "source_dir": "./tozip/",
            "source_file": null,
            "type": "zip"
          },
          "sensitive_attributes": []
        }
      ]
    },
    {
      "mode": "managed",
      "type": "yandex_function",
      "name": "goy",
      "provider": "provider[\"registry.terraform.io/yandex-cloud/yandex\"]",
      "instances": [
        {
          "schema_version": 1,
          "attributes": {
            "async_invocation": [],
            "concurrency": 1,
            "connectivity": [],
            "content": [
              {
                "zip_filename": "goim.zip"
              }
            ],
            "created_at": "2025-04-14T16:12:24Z",
            "description": "very first testing function",
            "entrypoint": "Code.Sender",
            "environment": {
              "AWS_ACCESS_KEY_ID": "YCAJEN5DJQlP4JG39jG3flf1V",
              "AWS_DEFAULT_REGION": "ru-central1-b",
              "AWS_SECRET_ACCESS_KEY": "YCP3NrERN6QwIe-BGRR7Affmt6rEefws7jyum85t"
            },
            "execution_timeout": "110",
            "folder_id": "b1gj6dgm692ri5dl865t",
            "id": "d4e06vabjdld7jn88vob",
            "image_size": 2301952,
            "labels": {},
            "log_options": [],
            "memory": 256,
            "metadata_options": [
              {
                "aws_v1_http_endpoint": 0,
                "gce_http_endpoint": 0
              }
            ],
            "mounts": [],
            "name": "goy-func",
            "package": [],
            "runtime": "golang121",
            "secrets": [],
            "service_account_id": "ajefemab7f86at85jjv5",
            "storage_mounts": [],
            "tags": [],
            "timeouts": null,
            "tmpfs_size": 0,
            "user_hash": "X+eHN6rAovLoA2Aqo0uoTmBBZRozGx69VzurCl4FhrA=",
            "version": "d4er49b3pdk1bomis6e9"
          },
          "sensitive_attributes": [
            [
              {
                "type": "get_attr",
                "value": "environment"
              },
              {
                "type": "index",
                "value": {
                  "value": "AWS_SECRET_ACCESS_KEY",
                  "type": "string"
                }
              }
            ]
          ],
          "private": "eyJlMmJmYjczMC1lY2FhLTExZTYtOGY4OC0zNDM2M2JjN2M0YzAiOnsiY3JlYXRlIjo2MDAwMDAwMDAwMDAsImRlbGV0ZSI6NjAwMDAwMDAwMDAwLCJ1cGRhdGUiOjYwMDAwMDAwMDAwMH0sInNjaGVtYV92ZXJzaW9uIjoiMSJ9",
          "dependencies": [
            "data.archive_file.lambda",
            "yandex_iam_service_account.goy-sa",
            "yandex_iam_service_account_static_access_key.goy-static-key"
          ]
        }
      ]
    },
    {
      "mode": "managed",
      "type": "yandex_function_iam_binding",
      "name": "function-iamw",
      "provider": "provider[\"registry.terraform.io/yandex-cloud/yandex\"]",
      "instances": [
        {
          "schema_version": 0,
          "attributes": {
            "function_id": "d4e06vabjdld7jn88vob",
            "id": "d4e06vabjdld7jn88vob/functions.functionInvoker",
            "members": [
              "system:allUsers"
            ],
            "role": "functions.functionInvoker",
            "sleep_after": null,
            "timeouts": null
          },
          "sensitive_attributes": [],
          "private": "eyJlMmJmYjczMC1lY2FhLTExZTYtOGY4OC0zNDM2M2JjN2M0YzAiOnsiY3JlYXRlIjo2MDAwMDAwMDAwMCwiZGVmYXVsdCI6NjAwMDAwMDAwMDAsImRlbGV0ZSI6NjAwMDAwMDAwMDAsInJlYWQiOjYwMDAwMDAwMDAwLCJ1cGRhdGUiOjYwMDAwMDAwMDAwfX0=",
          "dependencies": [
            "data.archive_file.lambda",
            "yandex_function.goy",
            "yandex_iam_service_account.goy-sa",
            "yandex_iam_service_account_static_access_key.goy-static-key"
          ]
        }
      ]
    },
    {
      "mode": "managed",
      "type": "yandex_iam_service_account",
      "name": "goy-sa",
      "provider": "provider[\"registry.terraform.io/yandex-cloud/yandex\"]",
      "instances": [
        {
          "schema_version": 0,
          "attributes": {
            "created_at": "2025-04-14T16:12:20Z",
            "description": "service account for function",
            "folder_id": "b1gj6dgm692ri5dl865t",
            "id": "ajefemab7f86at85jjv5",
            "name": "goy-service-account",
            "timeouts": null
          },
          "sensitive_attributes": [],
          "private": "eyJlMmJmYjczMC1lY2FhLTExZTYtOGY4OC0zNDM2M2JjN2M0YzAiOnsiY3JlYXRlIjo2MDAwMDAwMDAwMCwiZGVsZXRlIjo2MDAwMDAwMDAwMCwidXBkYXRlIjo2MDAwMDAwMDAwMH19"
        }
      ]
    },
    {
      "mode": "managed",
      "type": "yandex_iam_service_account_static_access_key",
      "name": "goy-static-key",
      "provider": "provider[\"registry.terraform.io/yandex-cloud/yandex\"]",
      "instances": [
        {
          "schema_version": 0,
          "attributes": {
            "access_key": "YCAJEN5DJQlP4JG39jG3flf1V",
            "created_at": "2025-04-14T16:12:22Z",
            "description": "Static Key for goy",
            "encrypted_secret_key": null,
            "id": "aje20j82023mcsr8cpvq",
            "key_fingerprint": null,
            "output_to_lockbox": [],
            "output_to_lockbox_version_id": null,
            "pgp_key": null,
            "secret_key": "YCP3NrERN6QwIe-BGRR7Affmt6rEefws7jyum85t",
            "service_account_id": "ajefemab7f86at85jjv5"
          },
          "sensitive_attributes": [
            [
              {
                "type": "get_attr",
                "value": "secret_key"
              }
            ]
          ],
          "private": "bnVsbA==",
          "dependencies": [
            "yandex_iam_service_account.goy-sa"
          ]
        }
      ]
    }
  ],
  "check_results": null
}
