{
  "version": 4,
  "terraform_version": "1.10.5",
  "serial": 57,
  "lineage": "baec3541-d583-fdb2-5ea5-4f8b6a391923",
  "outputs": {
    "metrics_func": {
      "value": "   https://functions.yandexcloud.net/d4ei30pj5pigr63rrpi2  ",
      "type": "string"
    }
  },
  "resources": [
    {
      "mode": "data",
      "type": "archive_file",
      "name": "lambda",
      "provider": "provider[\"registry.terraform.io/hashicorp/archive\"]",
      "instances": [
        {
          "schema_version": 0,
          "attributes": {
            "exclude_symlink_directories": null,
            "excludes": null,
            "id": "89bd10c6e3ff73f9edc33988fcfa5e8c15120915",
            "output_base64sha256": "fMzALHh90dGNQuggpEkbuqhy608pSmDD/CEB2QgOIt8=",
            "output_base64sha512": "hq9sxgJ2b+LOO57iTQnAOw9afZp13ToadGJEHWis9cjTXX8bFXnF4n/muC80gb8k0EkM+5uOt6EUcegSHZL7ow==",
            "output_file_mode": null,
            "output_md5": "512024852795083e811d81725d0f454e",
            "output_path": "goim.zip",
            "output_sha": "89bd10c6e3ff73f9edc33988fcfa5e8c15120915",
            "output_sha256": "7cccc02c787dd1d18d42e820a4491bbaa872eb4f294a60c3fc2101d9080e22df",
            "output_sha512": "86af6cc602766fe2ce3b9ee24d09c03b0f5a7d9a75dd3a1a7462441d68acf5c8d35d7f1b1579c5e27fe6b82f3481bf24d0490cfb9b8eb7a11471e8121d92fba3",
            "output_size": 3303,
            "source": [],
            "source_content": null,
            "source_content_filename": null,
            "source_dir": "./tozip/",
            "source_file": null,
            "type": "zip"
          },
          "sensitive_attributes": []
        }
      ]
    },
    {
      "mode": "managed",
      "type": "yandex_function",
      "name": "goy",
      "provider": "provider[\"registry.terraform.io/yandex-cloud/yandex\"]",
      "instances": [
        {
          "schema_version": 1,
          "attributes": {
            "async_invocation": [],
            "concurrency": 1,
            "connectivity": [],
            "content": [
              {
                "zip_filename": "goim.zip"
              }
            ],
            "created_at": "2025-04-15T17:05:52Z",
            "description": "very first testing function",
            "entrypoint": "Code.Sender",
            "environment": {
              "AWS_ACCESS_KEY_ID": "YCAJExaCEPZSHVByz71e5YTC-",
              "AWS_DEFAULT_REGION": "ru-central1-b",
              "AWS_SECRET_ACCESS_KEY": "YCMKBlPnc5FDP8t58Yn3jA_8lhvVPrF-cFWUu_p-"
            },
            "execution_timeout": "110",
            "folder_id": "b1gj6dgm692ri5dl865t",
            "id": "d4ei30pj5pigr63rrpi2",
            "image_size": 2301952,
            "labels": null,
            "log_options": [],
            "memory": 256,
            "metadata_options": [
              {
                "aws_v1_http_endpoint": 0,
                "gce_http_endpoint": 0
              }
            ],
            "mounts": [],
            "name": "goy-func",
            "package": [],
            "runtime": "golang121",
            "secrets": [],
            "service_account_id": "ajel6sep058oif4mjtid",
            "storage_mounts": null,
            "tags": [],
            "timeouts": null,
            "tmpfs_size": 0,
            "user_hash": "fMzALHh90dGNQuggpEkbuqhy608pSmDD/CEB2QgOIt8=",
            "version": "d4eltd3h70lg387m6sjj"
          },
          "sensitive_attributes": [
            [
              {
                "type": "get_attr",
                "value": "environment"
              },
              {
                "type": "index",
                "value": {
                  "value": "AWS_SECRET_ACCESS_KEY",
                  "type": "string"
                }
              }
            ]
          ],
          "private": "eyJlMmJmYjczMC1lY2FhLTExZTYtOGY4OC0zNDM2M2JjN2M0YzAiOnsiY3JlYXRlIjo2MDAwMDAwMDAwMDAsImRlbGV0ZSI6NjAwMDAwMDAwMDAwLCJ1cGRhdGUiOjYwMDAwMDAwMDAwMH0sInNjaGVtYV92ZXJzaW9uIjoiMSJ9",
          "dependencies": [
            "data.archive_file.lambda",
            "yandex_iam_service_account.goy-sa",
            "yandex_iam_service_account_static_access_key.goy-static-key"
          ]
        }
      ]
    },
    {
      "mode": "managed",
      "type": "yandex_function_iam_binding",
      "name": "function-iamw",
      "provider": "provider[\"registry.terraform.io/yandex-cloud/yandex\"]",
      "instances": [
        {
          "schema_version": 0,
          "attributes": {
            "function_id": "d4ei30pj5pigr63rrpi2",
            "id": "d4ei30pj5pigr63rrpi2/functions.functionInvoker",
            "members": [
              "system:allUsers"
            ],
            "role": "functions.functionInvoker",
            "sleep_after": null,
            "timeouts": null
          },
          "sensitive_attributes": [],
          "private": "eyJlMmJmYjczMC1lY2FhLTExZTYtOGY4OC0zNDM2M2JjN2M0YzAiOnsiY3JlYXRlIjo2MDAwMDAwMDAwMCwiZGVmYXVsdCI6NjAwMDAwMDAwMDAsImRlbGV0ZSI6NjAwMDAwMDAwMDAsInJlYWQiOjYwMDAwMDAwMDAwLCJ1cGRhdGUiOjYwMDAwMDAwMDAwfX0=",
          "dependencies": [
            "data.archive_file.lambda",
            "yandex_function.goy",
            "yandex_iam_service_account.goy-sa",
            "yandex_iam_service_account_static_access_key.goy-static-key"
          ]
        }
      ]
    },
    {
      "mode": "managed",
      "type": "yandex_iam_service_account",
      "name": "goy-sa",
      "provider": "provider[\"registry.terraform.io/yandex-cloud/yandex\"]",
      "instances": [
        {
          "schema_version": 0,
          "attributes": {
            "created_at": "2025-04-15T17:05:48Z",
            "description": "service account for function",
            "folder_id": "b1gj6dgm692ri5dl865t",
            "id": "ajel6sep058oif4mjtid",
            "name": "goy-service-account",
            "timeouts": null
          },
          "sensitive_attributes": [],
          "private": "eyJlMmJmYjczMC1lY2FhLTExZTYtOGY4OC0zNDM2M2JjN2M0YzAiOnsiY3JlYXRlIjo2MDAwMDAwMDAwMCwiZGVsZXRlIjo2MDAwMDAwMDAwMCwidXBkYXRlIjo2MDAwMDAwMDAwMH19"
        }
      ]
    },
    {
      "mode": "managed",
      "type": "yandex_iam_service_account_static_access_key",
      "name": "goy-static-key",
      "provider": "provider[\"registry.terraform.io/yandex-cloud/yandex\"]",
      "instances": [
        {
          "schema_version": 0,
          "attributes": {
            "access_key": "YCAJExaCEPZSHVByz71e5YTC-",
            "created_at": "2025-04-15T17:05:50Z",
            "description": "Static Key for goy",
            "encrypted_secret_key": null,
            "id": "ajef2d4u9eq92gnu1hd1",
            "key_fingerprint": null,
            "output_to_lockbox": [],
            "output_to_lockbox_version_id": null,
            "pgp_key": null,
            "secret_key": "YCMKBlPnc5FDP8t58Yn3jA_8lhvVPrF-cFWUu_p-",
            "service_account_id": "ajel6sep058oif4mjtid"
          },
          "sensitive_attributes": [
            [
              {
                "type": "get_attr",
                "value": "secret_key"
              }
            ]
          ],
          "private": "bnVsbA==",
          "dependencies": [
            "yandex_iam_service_account.goy-sa"
          ]
        }
      ]
    }
  ],
  "check_results": null
}
