{
  "version": 4,
  "terraform_version": "1.10.5",
  "serial": 32,
  "lineage": "baec3541-d583-fdb2-5ea5-4f8b6a391923",
  "outputs": {
    "write_func": {
      "value": "https://functions.yandexcloud.net/d4e06vabjdld7jn88vob",
      "type": "string"
    }
  },
  "resources": [
    {
      "mode": "data",
      "type": "archive_file",
      "name": "lambda",
      "provider": "provider[\"registry.terraform.io/hashicorp/archive\"]",
      "instances": [
        {
          "schema_version": 0,
          "attributes": {
            "exclude_symlink_directories": null,
            "excludes": null,
            "id": "32996957db1eb78f2f18572b7b1a6dd46f7d59ac",
            "output_base64sha256": "khiC6ALG/TdEtzByagrxFHg83lpzFZNkPsBVJe4KM/M=",
            "output_base64sha512": "3R7ERC/J2UvwrK7SEKP1BB7aepf7IQ9VVs1jn96UGO51r53Gyhm7lr7uDR6r9+hsiJnXp9ldSZgT82ANT5/gLQ==",
            "output_file_mode": null,
            "output_md5": "23eaec7ef05647a23b6b0c2b81697b12",
            "output_path": "goim.zip",
            "output_sha": "32996957db1eb78f2f18572b7b1a6dd46f7d59ac",
            "output_sha256": "921882e802c6fd3744b730726a0af114783cde5a731593643ec05525ee0a33f3",
            "output_sha512": "dd1ec4442fc9d94bf0acaed210a3f5041eda7a97fb210f5556cd639fde9418ee75af9dc6ca19bb96beee0d1eabf7e86c8899d7a7d95d499813f3600d4f9fe02d",
            "output_size": 3263,
            "source": [],
            "source_content": null,
            "source_content_filename": null,
            "source_dir": "./tozip/",
            "source_file": null,
            "type": "zip"
          },
          "sensitive_attributes": []
        }
      ]
    },
    {
      "mode": "managed",
      "type": "yandex_function",
      "name": "goy",
      "provider": "provider[\"registry.terraform.io/yandex-cloud/yandex\"]",
      "instances": [
        {
          "schema_version": 1,
          "attributes": {
            "async_invocation": [],
            "concurrency": 1,
            "connectivity": [],
            "content": [
              {
                "zip_filename": "goim.zip"
              }
            ],
            "created_at": "2025-04-14T16:12:24Z",
            "description": "very first testing function",
            "entrypoint": "Code.Sender",
            "environment": {
              "AWS_ACCESS_KEY_ID": "YCAJEN5DJQlP4JG39jG3flf1V",
              "AWS_DEFAULT_REGION": "ru-central1-b",
              "AWS_SECRET_ACCESS_KEY": "YCP3NrERN6QwIe-BGRR7Affmt6rEefws7jyum85t"
            },
            "execution_timeout": "110",
            "folder_id": "b1gj6dgm692ri5dl865t",
            "id": "d4e06vabjdld7jn88vob",
            "image_size": 2301952,
            "labels": {},
            "log_options": [],
            "memory": 256,
            "metadata_options": [
              {
                "aws_v1_http_endpoint": 0,
                "gce_http_endpoint": 0
              }
            ],
            "mounts": [],
            "name": "goy-func",
            "package": [],
            "runtime": "golang121",
            "secrets": [],
            "service_account_id": "",
            "storage_mounts": [],
            "tags": [],
            "timeouts": null,
            "tmpfs_size": 0,
            "user_hash": "khiC6ALG/TdEtzByagrxFHg83lpzFZNkPsBVJe4KM/M=",
            "version": "d4eb6eh7fbi4qhqiivbo"
          },
          "sensitive_attributes": [
            [
              {
                "type": "get_attr",
                "value": "environment"
              },
              {
                "type": "index",
                "value": {
                  "value": "AWS_SECRET_ACCESS_KEY",
                  "type": "string"
                }
              }
            ]
          ],
          "private": "eyJlMmJmYjczMC1lY2FhLTExZTYtOGY4OC0zNDM2M2JjN2M0YzAiOnsiY3JlYXRlIjo2MDAwMDAwMDAwMDAsImRlbGV0ZSI6NjAwMDAwMDAwMDAwLCJ1cGRhdGUiOjYwMDAwMDAwMDAwMH0sInNjaGVtYV92ZXJzaW9uIjoiMSJ9",
          "dependencies": [
            "data.archive_file.lambda",
            "yandex_iam_service_account.goy-sa",
            "yandex_iam_service_account_static_access_key.goy-static-key"
          ]
        }
      ]
    },
    {
      "mode": "managed",
      "type": "yandex_function_iam_binding",
      "name": "function-iamw",
      "provider": "provider[\"registry.terraform.io/yandex-cloud/yandex\"]",
      "instances": [
        {
          "schema_version": 0,
          "attributes": {
            "function_id": "d4e06vabjdld7jn88vob",
            "id": "d4e06vabjdld7jn88vob/functions.functionInvoker",
            "members": [
              "system:allUsers"
            ],
            "role": "functions.functionInvoker",
            "sleep_after": null,
            "timeouts": null
          },
          "sensitive_attributes": [],
          "private": "eyJlMmJmYjczMC1lY2FhLTExZTYtOGY4OC0zNDM2M2JjN2M0YzAiOnsiY3JlYXRlIjo2MDAwMDAwMDAwMCwiZGVmYXVsdCI6NjAwMDAwMDAwMDAsImRlbGV0ZSI6NjAwMDAwMDAwMDAsInJlYWQiOjYwMDAwMDAwMDAwLCJ1cGRhdGUiOjYwMDAwMDAwMDAwfX0=",
          "dependencies": [
            "data.archive_file.lambda",
            "yandex_function.goy",
            "yandex_iam_service_account.goy-sa",
            "yandex_iam_service_account_static_access_key.goy-static-key"
          ]
        }
      ]
    },
    {
      "mode": "managed",
      "type": "yandex_iam_service_account",
      "name": "goy-sa",
      "provider": "provider[\"registry.terraform.io/yandex-cloud/yandex\"]",
      "instances": [
        {
          "schema_version": 0,
          "attributes": {
            "created_at": "2025-04-14T16:12:20Z",
            "description": "service account for function",
            "folder_id": "b1gj6dgm692ri5dl865t",
            "id": "ajefemab7f86at85jjv5",
            "name": "goy-service-account",
            "timeouts": null
          },
          "sensitive_attributes": [],
          "private": "eyJlMmJmYjczMC1lY2FhLTExZTYtOGY4OC0zNDM2M2JjN2M0YzAiOnsiY3JlYXRlIjo2MDAwMDAwMDAwMCwiZGVsZXRlIjo2MDAwMDAwMDAwMCwidXBkYXRlIjo2MDAwMDAwMDAwMH19"
        }
      ]
    },
    {
      "mode": "managed",
      "type": "yandex_iam_service_account_static_access_key",
      "name": "goy-static-key",
      "provider": "provider[\"registry.terraform.io/yandex-cloud/yandex\"]",
      "instances": [
        {
          "schema_version": 0,
          "attributes": {
            "access_key": "YCAJEN5DJQlP4JG39jG3flf1V",
            "created_at": "2025-04-14T16:12:22Z",
            "description": "Static Key for goy",
            "encrypted_secret_key": null,
            "id": "aje20j82023mcsr8cpvq",
            "key_fingerprint": null,
            "output_to_lockbox": [],
            "output_to_lockbox_version_id": null,
            "pgp_key": null,
            "secret_key": "YCP3NrERN6QwIe-BGRR7Affmt6rEefws7jyum85t",
            "service_account_id": "ajefemab7f86at85jjv5"
          },
          "sensitive_attributes": [
            [
              {
                "type": "get_attr",
                "value": "secret_key"
              }
            ]
          ],
          "private": "bnVsbA==",
          "dependencies": [
            "yandex_iam_service_account.goy-sa"
          ]
        }
      ]
    }
  ],
  "check_results": null
}
