{
  "version": 4,
  "terraform_version": "1.10.5",
  "serial": 10,
  "lineage": "baec3541-d583-fdb2-5ea5-4f8b6a391923",
  "outputs": {
    "write_func": {
      "value": "https://functions.yandexcloud.net/d4e5f6f16cmsvopardne",
      "type": "string"
    }
  },
  "resources": [
    {
      "mode": "data",
      "type": "archive_file",
      "name": "lambda",
      "provider": "provider[\"registry.terraform.io/hashicorp/archive\"]",
      "instances": [
        {
          "schema_version": 0,
          "attributes": {
            "exclude_symlink_directories": null,
            "excludes": null,
            "id": "9f6e42960ad69309daba847595fea015130c3302",
            "output_base64sha256": "HMX69tqQE8UFs2imJQ0DbLIA5qtLZwyyE0nAjN+TkW8=",
            "output_base64sha512": "6zZ7lwB21Mvri1OG4owuRUk07zbgHOtif8dP8jXogCgmQK4Fq0oG+agM7Qapu6d7TvU24EgloJLJqRIxNsfU+A==",
            "output_file_mode": null,
            "output_md5": "d11f0e728a7e24c055b107ed6e95f18e",
            "output_path": "goim.zip",
            "output_sha": "9f6e42960ad69309daba847595fea015130c3302",
            "output_sha256": "1cc5faf6da9013c505b368a6250d036cb200e6ab4b670cb21349c08cdf93916f",
            "output_sha512": "eb367b970076d4cbeb8b5386e28c2e454934ef36e01ceb627fc74ff235e880282640ae05ab4a06f9a80ced06a9bba77b4ef536e04825a092c9a9123136c7d4f8",
            "output_size": 3223,
            "source": [],
            "source_content": null,
            "source_content_filename": null,
            "source_dir": "./tozip/",
            "source_file": null,
            "type": "zip"
          },
          "sensitive_attributes": []
        }
      ]
    },
    {
      "mode": "managed",
      "type": "yandex_function",
      "name": "goy",
      "provider": "provider[\"registry.terraform.io/yandex-cloud/yandex\"]",
      "instances": [
        {
          "schema_version": 1,
          "attributes": {
            "async_invocation": [],
            "concurrency": 1,
            "connectivity": [],
            "content": [
              {
                "zip_filename": "goim.zip"
              }
            ],
            "created_at": "2025-04-14T12:38:27Z",
            "description": "very first testing function",
            "entrypoint": "Code.Sender",
            "environment": {
              "AWS_ACCESS_KEY_ID": "YCAJEPpLTb5rn8pCbB19aWeL9",
              "AWS_DEFAULT_REGION": "ru-central1-b",
              "AWS_SECRET_ACCESS_KEY": "YCOpmpn2ADsXAF5VbV7DYVWVlFS8peiSBBhIP6xu"
            },
            "execution_timeout": "110",
            "folder_id": "b1gj6dgm692ri5dl865t",
            "id": "d4e5f6f16cmsvopardne",
            "image_size": 2301952,
            "labels": {},
            "log_options": [],
            "memory": 256,
            "metadata_options": [
              {
                "aws_v1_http_endpoint": 0,
                "gce_http_endpoint": 0
              }
            ],
            "mounts": [],
            "name": "goy-func",
            "package": [],
            "runtime": "golang121",
            "secrets": [],
            "service_account_id": "ajem8ip8u1emv9f0hh5r",
            "storage_mounts": [],
            "tags": [],
            "timeouts": null,
            "tmpfs_size": 0,
            "user_hash": "HMX69tqQE8UFs2imJQ0DbLIA5qtLZwyyE0nAjN+TkW8=",
            "version": "d4eudhqt5il38jep9mrs"
          },
          "sensitive_attributes": [
            [
              {
                "type": "get_attr",
                "value": "environment"
              },
              {
                "type": "index",
                "value": {
                  "value": "AWS_SECRET_ACCESS_KEY",
                  "type": "string"
                }
              }
            ]
          ],
          "private": "eyJlMmJmYjczMC1lY2FhLTExZTYtOGY4OC0zNDM2M2JjN2M0YzAiOnsiY3JlYXRlIjo2MDAwMDAwMDAwMDAsImRlbGV0ZSI6NjAwMDAwMDAwMDAwLCJ1cGRhdGUiOjYwMDAwMDAwMDAwMH0sInNjaGVtYV92ZXJzaW9uIjoiMSJ9",
          "dependencies": [
            "data.archive_file.lambda",
            "yandex_iam_service_account.goy-sa",
            "yandex_iam_service_account_static_access_key.goy-static-key"
          ]
        }
      ]
    },
    {
      "mode": "managed",
      "type": "yandex_function_iam_binding",
      "name": "function-iamw",
      "provider": "provider[\"registry.terraform.io/yandex-cloud/yandex\"]",
      "instances": [
        {
          "schema_version": 0,
          "attributes": {
            "function_id": "d4e5f6f16cmsvopardne",
            "id": "d4e5f6f16cmsvopardne/functions.functionInvoker",
            "members": [
              "system:allUsers"
            ],
            "role": "functions.functionInvoker",
            "sleep_after": null,
            "timeouts": null
          },
          "sensitive_attributes": [],
          "private": "eyJlMmJmYjczMC1lY2FhLTExZTYtOGY4OC0zNDM2M2JjN2M0YzAiOnsiY3JlYXRlIjo2MDAwMDAwMDAwMCwiZGVmYXVsdCI6NjAwMDAwMDAwMDAsImRlbGV0ZSI6NjAwMDAwMDAwMDAsInJlYWQiOjYwMDAwMDAwMDAwLCJ1cGRhdGUiOjYwMDAwMDAwMDAwfX0=",
          "dependencies": [
            "data.archive_file.lambda",
            "yandex_function.goy",
            "yandex_iam_service_account.goy-sa",
            "yandex_iam_service_account_static_access_key.goy-static-key"
          ]
        }
      ]
    },
    {
      "mode": "managed",
      "type": "yandex_iam_service_account",
      "name": "goy-sa",
      "provider": "provider[\"registry.terraform.io/yandex-cloud/yandex\"]",
      "instances": [
        {
          "schema_version": 0,
          "attributes": {
            "created_at": "2025-04-14T12:38:24Z",
            "description": "service account for function",
            "folder_id": "b1gj6dgm692ri5dl865t",
            "id": "ajem8ip8u1emv9f0hh5r",
            "name": "goy-service-account",
            "timeouts": null
          },
          "sensitive_attributes": [],
          "private": "eyJlMmJmYjczMC1lY2FhLTExZTYtOGY4OC0zNDM2M2JjN2M0YzAiOnsiY3JlYXRlIjo2MDAwMDAwMDAwMCwiZGVsZXRlIjo2MDAwMDAwMDAwMCwidXBkYXRlIjo2MDAwMDAwMDAwMH19"
        }
      ]
    },
    {
      "mode": "managed",
      "type": "yandex_iam_service_account_static_access_key",
      "name": "goy-static-key",
      "provider": "provider[\"registry.terraform.io/yandex-cloud/yandex\"]",
      "instances": [
        {
          "schema_version": 0,
          "attributes": {
            "access_key": "YCAJEPpLTb5rn8pCbB19aWeL9",
            "created_at": "2025-04-14T12:38:26Z",
            "description": "Static Key for goy",
            "encrypted_secret_key": null,
            "id": "ajegks91s7um0foekbic",
            "key_fingerprint": null,
            "output_to_lockbox": [],
            "output_to_lockbox_version_id": null,
            "pgp_key": null,
            "secret_key": "YCOpmpn2ADsXAF5VbV7DYVWVlFS8peiSBBhIP6xu",
            "service_account_id": "ajem8ip8u1emv9f0hh5r"
          },
          "sensitive_attributes": [
            [
              {
                "type": "get_attr",
                "value": "secret_key"
              }
            ]
          ],
          "private": "bnVsbA==",
          "dependencies": [
            "yandex_iam_service_account.goy-sa"
          ]
        }
      ]
    },
    {
      "mode": "managed",
      "type": "yandex_resourcemanager_folder_iam_member",
      "name": "goy-role",
      "provider": "provider[\"registry.terraform.io/yandex-cloud/yandex\"]",
      "instances": [
        {
          "index_key": "functions.functionInvoker",
          "schema_version": 0,
          "attributes": {
            "folder_id": "b1gj6dgm692ri5dl865t",
            "id": "b1gj6dgm692ri5dl865t/functions.functionInvoker/serviceAccount:ajem8ip8u1emv9f0hh5r",
            "member": "serviceAccount:ajem8ip8u1emv9f0hh5r",
            "role": "functions.functionInvoker",
            "sleep_after": null,
            "timeouts": null
          },
          "sensitive_attributes": [],
          "private": "eyJlMmJmYjczMC1lY2FhLTExZTYtOGY4OC0zNDM2M2JjN2M0YzAiOnsiY3JlYXRlIjo2MDAwMDAwMDAwMCwiZGVmYXVsdCI6NjAwMDAwMDAwMDAsImRlbGV0ZSI6NjAwMDAwMDAwMDAsInJlYWQiOjYwMDAwMDAwMDAwLCJ1cGRhdGUiOjYwMDAwMDAwMDAwfX0=",
          "dependencies": [
            "yandex_iam_service_account.goy-sa"
          ]
        }
      ]
    }
  ],
  "check_results": null
}
