{
  "version": 4,
  "terraform_version": "1.10.5",
  "serial": 34,
  "lineage": "b50018eb-1df3-7bc6-839e-d64df3048de0",
  "outputs": {
    "apiURL": {
      "value": "   d5drmh3aa1upein82tqn.g3ab4gln.apigw.yandexcloud.net  ",
      "type": "string"
    }
  },
  "resources": [
    {
      "mode": "data",
      "type": "archive_file",
      "name": "lambda",
      "provider": "provider[\"registry.terraform.io/hashicorp/archive\"]",
      "instances": [
        {
          "schema_version": 0,
          "attributes": {
            "exclude_symlink_directories": null,
            "excludes": null,
            "id": "d338692ab82641eaab428d22a5451d3db44377a4",
            "output_base64sha256": "pCyp0HqhVRkdSNonsB7LgzAYrUSiAhBx4Rsf6ihv3OI=",
            "output_base64sha512": "LAQJwHJ7UAS/l4DSo3i5rcpAr2WkmQQV8CMfcssZVe1XROf+xcn7N7T7ZfAlYzn0l9wdGf2T2eBMA3mmkH8VjQ==",
            "output_file_mode": null,
            "output_md5": "a6fc8af1737cd3da1f55be73937ed9fe",
            "output_path": "goim.zip",
            "output_sha": "d338692ab82641eaab428d22a5451d3db44377a4",
            "output_sha256": "a42ca9d07aa155191d48da27b01ecb833018ad44a2021071e11b1fea286fdce2",
            "output_sha512": "2c0409c0727b5004bf9780d2a378b9adca40af65a4990415f0231f72cb1955ed5744e7fec5c9fb37b4fb65f0256339f497dc1d19fd93d9e04c0379a6907f158d",
            "output_size": 13357,
            "source": [],
            "source_content": null,
            "source_content_filename": null,
            "source_dir": "./tozip/",
            "source_file": null,
            "type": "zip"
          },
          "sensitive_attributes": []
        }
      ]
    },
    {
      "mode": "managed",
      "type": "yandex_api_gateway",
      "name": "apigat",
      "provider": "provider[\"registry.terraform.io/yandex-cloud/yandex\"]",
      "instances": [
        {
          "schema_version": 0,
          "attributes": {
            "canary": [],
            "connectivity": [],
            "created_at": "2025-04-16T03:47:12Z",
            "custom_domains": [],
            "description": "describas",
            "domain": "d5drmh3aa1upein82tqn.g3ab4gln.apigw.yandexcloud.net",
            "execution_timeout": "300",
            "folder_id": "b1gj6dgm692ri5dl865t",
            "id": "d5drmh3aa1upein82tqn",
            "labels": {},
            "log_group_id": "",
            "log_options": [],
            "name": "gateway2",
            "spec": "# The OpenAPI specification for Yandex Cloud API Gateway.\r\n# Фактически - роутер-маршрутизатор. В paths - хендлеры\r\n# \r\nopenapi: \"3.0.0\"\r\ninfo:\r\n  version: 1.0.0\r\n  title: Test API\r\npaths:\r\n  /:\r\n    get:\r\n      summary: Say hello\r\n      operationId: hello\r\n      parameters:\r\n        - name: us\r\n          in: query\r\n          description: User name to appear in greetings\r\n          required: false\r\n          schema:\r\n            type: string\r\n            default: 'every buddy'\r\n      responses:\r\n        '200':\r\n          description: Greeting\r\n          content:\r\n            'text/plain':\r\n              schema:\r\n                type: \"string\"\r\n      x-yc-apigateway-integration:\r\n        type: dummy\r\n        http_code: 200\r\n        http_headers:\r\n          'Content-Type': \"text/plain\"\r\n        content:\r\n          'text/plain': \"Hello, {us}!\\n\" # для задания имени user https://******.apigw.yandexcloud.net/hello?user=uname\r\n  /mlook:\r\n    get:\r\n#      summary: goim\r\n#      operationId: gofu\r\n      # parameters:\r\n      #   - name: user\r\n      #     in: query\r\n      #     description: User name to appear in greetings\r\n      #     required: false\r\n      #     schema:\r\n      #       type: string\r\n      #       default: 'world'\r\n      responses:\r\n        '200':\r\n          description: Greeting\r\n          content:\r\n            'text/plain':\r\n              schema:\r\n                type: \"string\"\r\n        '502':\r\n          description: Greeting\r\n          content:\r\n            'text/plain':\r\n              schema:\r\n                type: \"string\"\r\n                default: \"errorrrr \"\r\n      x-yc-apigateway-integration:\r\n        type: cloud-functions\r\n        service_account_id: aje69sg0q3rfkirm0rs8 # SA для invoker\r\n        function_id: d4enrb3kqvrcev6vha9p  # Code.Sender получение и вывод метрик на экран, без БД\r\n        http_code: 200\r\n        http_headers:\r\n          'Content-Type': \"text/plain\"\r\n        \r\n  /mwrite:\r\n    get:\r\n      responses:\r\n        '200':\r\n          description: Ok\r\n        '502':\r\n          description: not ok\r\n      x-yc-apigateway-integration:\r\n        type: cloud-functions\r\n        service_account_id: aje69sg0q3rfkirm0rs8 # SA для invoker\r\n        function_id: d4ebt950u9ftv4v7schu  # dbaser.WriteMetrics\r\n        \r\n",
            "status": "active",
            "timeouts": null,
            "user_domains": [],
            "variables": null
          },
          "sensitive_attributes": [],
          "private": "eyJlMmJmYjczMC1lY2FhLTExZTYtOGY4OC0zNDM2M2JjN2M0YzAiOnsiY3JlYXRlIjozMDAwMDAwMDAwMDAsImRlbGV0ZSI6MzAwMDAwMDAwMDAwLCJ1cGRhdGUiOjMwMDAwMDAwMDAwMH19",
          "dependencies": [
            "data.archive_file.lambda",
            "yandex_function.goy",
            "yandex_function.write2bd",
            "yandex_iam_service_account.goy-sa",
            "yandex_iam_service_account.invoker-sa",
            "yandex_iam_service_account.ydb-editor-sa",
            "yandex_iam_service_account_static_access_key.goy-static-key",
            "yandex_iam_service_account_static_access_key.ydb-editor-key"
          ]
        }
      ]
    },
    {
      "mode": "managed",
      "type": "yandex_function",
      "name": "goy",
      "provider": "provider[\"registry.terraform.io/yandex-cloud/yandex\"]",
      "instances": [
        {
          "schema_version": 1,
          "attributes": {
            "async_invocation": [],
            "concurrency": 1,
            "connectivity": [],
            "content": [
              {
                "zip_filename": "goim.zip"
              }
            ],
            "created_at": "2025-04-16T03:44:37Z",
            "description": "very first testing function",
            "entrypoint": "Code.Sender",
            "environment": {
              "AWS_ACCESS_KEY_ID": "YCAJE3MhGrHogY8zn-z4Ywwik",
              "AWS_DEFAULT_REGION": "ru-central1-b",
              "AWS_SECRET_ACCESS_KEY": "YCN_xH0wGnTUwvB4ZauQaiQkXGFxKqJxgZp-lNzm"
            },
            "execution_timeout": "110",
            "folder_id": "b1gj6dgm692ri5dl865t",
            "id": "d4enrb3kqvrcev6vha9p",
            "image_size": 27783168,
            "labels": {},
            "log_options": [],
            "memory": 256,
            "metadata_options": [
              {
                "aws_v1_http_endpoint": 0,
                "gce_http_endpoint": 0
              }
            ],
            "mounts": [],
            "name": "goy-func",
            "package": [],
            "runtime": "golang121",
            "secrets": [],
            "service_account_id": "ajencrl3gmamjs3ucufk",
            "storage_mounts": [],
            "tags": [],
            "timeouts": null,
            "tmpfs_size": 0,
            "user_hash": "pCyp0HqhVRkdSNonsB7LgzAYrUSiAhBx4Rsf6ihv3OI=",
            "version": "d4e49vt187ep6foo7ao6"
          },
          "sensitive_attributes": [
            [
              {
                "type": "get_attr",
                "value": "environment"
              },
              {
                "type": "index",
                "value": {
                  "value": "AWS_SECRET_ACCESS_KEY",
                  "type": "string"
                }
              }
            ]
          ],
          "private": "eyJlMmJmYjczMC1lY2FhLTExZTYtOGY4OC0zNDM2M2JjN2M0YzAiOnsiY3JlYXRlIjo2MDAwMDAwMDAwMDAsImRlbGV0ZSI6NjAwMDAwMDAwMDAwLCJ1cGRhdGUiOjYwMDAwMDAwMDAwMH0sInNjaGVtYV92ZXJzaW9uIjoiMSJ9",
          "dependencies": [
            "data.archive_file.lambda",
            "yandex_iam_service_account.goy-sa",
            "yandex_iam_service_account_static_access_key.goy-static-key"
          ]
        }
      ]
    },
    {
      "mode": "managed",
      "type": "yandex_function",
      "name": "readbd",
      "provider": "provider[\"registry.terraform.io/yandex-cloud/yandex\"]",
      "instances": [
        {
          "schema_version": 1,
          "attributes": {
            "async_invocation": [],
            "concurrency": 1,
            "connectivity": [],
            "content": [
              {
                "zip_filename": "goim.zip"
              }
            ],
            "created_at": "2025-04-16T03:44:36Z",
            "description": "read metrics from Data Base",
            "entrypoint": "dbaser.ReadMetrics",
            "environment": {
              "AWS_ACCESS_KEY_ID": "YCAJEEARvVVIOlfsJjfW7KeNx",
              "AWS_DEFAULT_REGION": "ru-central1-b",
              "AWS_SECRET_ACCESS_KEY": "YCPKDKof1IPnCTALNH9kEaV4aaKIQ4Q5RfHgn7Nd",
              "DATABASE_DSN": "grpcs://ydb.serverless.yandexcloud.net:2135/?database=/ru-central1/b1gatc4m3hv1ldldhljp/etng5tv897avcvrror1v"
            },
            "execution_timeout": "10",
            "folder_id": "b1gj6dgm692ri5dl865t",
            "id": "d4eg6vsa3hgjudhbv6u5",
            "image_size": 27783168,
            "labels": {},
            "log_options": [],
            "memory": 256,
            "metadata_options": [
              {
                "aws_v1_http_endpoint": 0,
                "gce_http_endpoint": 0
              }
            ],
            "mounts": [],
            "name": "read-from-db",
            "package": [],
            "runtime": "golang121",
            "secrets": [],
            "service_account_id": "ajelhqimnqe0gg0u6bc3",
            "storage_mounts": [],
            "tags": [],
            "timeouts": null,
            "tmpfs_size": 0,
            "user_hash": "pCyp0HqhVRkdSNonsB7LgzAYrUSiAhBx4Rsf6ihv3OI=",
            "version": "d4e3vr4pbarui1udbqir"
          },
          "sensitive_attributes": [
            [
              {
                "type": "get_attr",
                "value": "environment"
              },
              {
                "type": "index",
                "value": {
                  "value": "AWS_SECRET_ACCESS_KEY",
                  "type": "string"
                }
              }
            ]
          ],
          "private": "eyJlMmJmYjczMC1lY2FhLTExZTYtOGY4OC0zNDM2M2JjN2M0YzAiOnsiY3JlYXRlIjo2MDAwMDAwMDAwMDAsImRlbGV0ZSI6NjAwMDAwMDAwMDAwLCJ1cGRhdGUiOjYwMDAwMDAwMDAwMH0sInNjaGVtYV92ZXJzaW9uIjoiMSJ9",
          "dependencies": [
            "data.archive_file.lambda",
            "yandex_iam_service_account.ydb-editor-sa",
            "yandex_iam_service_account_static_access_key.ydb-editor-key"
          ]
        }
      ]
    },
    {
      "mode": "managed",
      "type": "yandex_function",
      "name": "write2bd",
      "provider": "provider[\"registry.terraform.io/yandex-cloud/yandex\"]",
      "instances": [
        {
          "schema_version": 1,
          "attributes": {
            "async_invocation": [],
            "concurrency": 1,
            "connectivity": [],
            "content": [
              {
                "zip_filename": "goim.zip"
              }
            ],
            "created_at": "2025-04-16T03:44:37Z",
            "description": "write metrics to Data Base",
            "entrypoint": "dbaser.WriteMetrics",
            "environment": {
              "AWS_ACCESS_KEY_ID": "YCAJEEARvVVIOlfsJjfW7KeNx",
              "AWS_DEFAULT_REGION": "ru-central1-b",
              "AWS_SECRET_ACCESS_KEY": "YCPKDKof1IPnCTALNH9kEaV4aaKIQ4Q5RfHgn7Nd",
              "DATABASE_DSN": "grpcs://ydb.serverless.yandexcloud.net:2135/?database=/ru-central1/b1gatc4m3hv1ldldhljp/etng5tv897avcvrror1v"
            },
            "execution_timeout": "10",
            "folder_id": "b1gj6dgm692ri5dl865t",
            "id": "d4ebt950u9ftv4v7schu",
            "image_size": 27783168,
            "labels": {},
            "log_options": [],
            "memory": 256,
            "metadata_options": [
              {
                "aws_v1_http_endpoint": 0,
                "gce_http_endpoint": 0
              }
            ],
            "mounts": [],
            "name": "write-to-db",
            "package": [],
            "runtime": "golang121",
            "secrets": [],
            "service_account_id": "ajelhqimnqe0gg0u6bc3",
            "storage_mounts": [],
            "tags": [],
            "timeouts": null,
            "tmpfs_size": 0,
            "user_hash": "pCyp0HqhVRkdSNonsB7LgzAYrUSiAhBx4Rsf6ihv3OI=",
            "version": "d4etkemounggqm1bu8ul"
          },
          "sensitive_attributes": [
            [
              {
                "type": "get_attr",
                "value": "environment"
              },
              {
                "type": "index",
                "value": {
                  "value": "AWS_SECRET_ACCESS_KEY",
                  "type": "string"
                }
              }
            ]
          ],
          "private": "eyJlMmJmYjczMC1lY2FhLTExZTYtOGY4OC0zNDM2M2JjN2M0YzAiOnsiY3JlYXRlIjo2MDAwMDAwMDAwMDAsImRlbGV0ZSI6NjAwMDAwMDAwMDAwLCJ1cGRhdGUiOjYwMDAwMDAwMDAwMH0sInNjaGVtYV92ZXJzaW9uIjoiMSJ9",
          "dependencies": [
            "data.archive_file.lambda",
            "yandex_iam_service_account.ydb-editor-sa",
            "yandex_iam_service_account_static_access_key.ydb-editor-key"
          ]
        }
      ]
    },
    {
      "mode": "managed",
      "type": "yandex_function_iam_binding",
      "name": "function-iamw",
      "provider": "provider[\"registry.terraform.io/yandex-cloud/yandex\"]",
      "instances": [
        {
          "schema_version": 0,
          "attributes": {
            "function_id": "d4enrb3kqvrcev6vha9p",
            "id": "d4enrb3kqvrcev6vha9p/functions.functionInvoker",
            "members": [
              "system:allUsers"
            ],
            "role": "functions.functionInvoker",
            "sleep_after": null,
            "timeouts": null
          },
          "sensitive_attributes": [],
          "private": "eyJlMmJmYjczMC1lY2FhLTExZTYtOGY4OC0zNDM2M2JjN2M0YzAiOnsiY3JlYXRlIjo2MDAwMDAwMDAwMCwiZGVmYXVsdCI6NjAwMDAwMDAwMDAsImRlbGV0ZSI6NjAwMDAwMDAwMDAsInJlYWQiOjYwMDAwMDAwMDAwLCJ1cGRhdGUiOjYwMDAwMDAwMDAwfX0=",
          "dependencies": [
            "data.archive_file.lambda",
            "yandex_function.goy",
            "yandex_iam_service_account.goy-sa",
            "yandex_iam_service_account_static_access_key.goy-static-key"
          ]
        }
      ]
    },
    {
      "mode": "managed",
      "type": "yandex_function_iam_binding",
      "name": "function-read",
      "provider": "provider[\"registry.terraform.io/yandex-cloud/yandex\"]",
      "instances": [
        {
          "schema_version": 0,
          "attributes": {
            "function_id": "d4eg6vsa3hgjudhbv6u5",
            "id": "d4eg6vsa3hgjudhbv6u5/functions.functionInvoker",
            "members": [
              "serviceAccount:aje69sg0q3rfkirm0rs8"
            ],
            "role": "functions.functionInvoker",
            "sleep_after": null,
            "timeouts": null
          },
          "sensitive_attributes": [],
          "private": "eyJlMmJmYjczMC1lY2FhLTExZTYtOGY4OC0zNDM2M2JjN2M0YzAiOnsiY3JlYXRlIjo2MDAwMDAwMDAwMCwiZGVmYXVsdCI6NjAwMDAwMDAwMDAsImRlbGV0ZSI6NjAwMDAwMDAwMDAsInJlYWQiOjYwMDAwMDAwMDAwLCJ1cGRhdGUiOjYwMDAwMDAwMDAwfX0=",
          "dependencies": [
            "data.archive_file.lambda",
            "yandex_function.readbd",
            "yandex_iam_service_account.invoker-sa",
            "yandex_iam_service_account.ydb-editor-sa",
            "yandex_iam_service_account_static_access_key.ydb-editor-key"
          ]
        }
      ]
    },
    {
      "mode": "managed",
      "type": "yandex_function_iam_binding",
      "name": "function-write",
      "provider": "provider[\"registry.terraform.io/yandex-cloud/yandex\"]",
      "instances": [
        {
          "schema_version": 0,
          "attributes": {
            "function_id": "d4ebt950u9ftv4v7schu",
            "id": "d4ebt950u9ftv4v7schu/functions.functionInvoker",
            "members": [
              "serviceAccount:aje69sg0q3rfkirm0rs8"
            ],
            "role": "functions.functionInvoker",
            "sleep_after": null,
            "timeouts": null
          },
          "sensitive_attributes": [],
          "private": "eyJlMmJmYjczMC1lY2FhLTExZTYtOGY4OC0zNDM2M2JjN2M0YzAiOnsiY3JlYXRlIjo2MDAwMDAwMDAwMCwiZGVmYXVsdCI6NjAwMDAwMDAwMDAsImRlbGV0ZSI6NjAwMDAwMDAwMDAsInJlYWQiOjYwMDAwMDAwMDAwLCJ1cGRhdGUiOjYwMDAwMDAwMDAwfX0=",
          "dependencies": [
            "data.archive_file.lambda",
            "yandex_function.write2bd",
            "yandex_iam_service_account.invoker-sa",
            "yandex_iam_service_account.ydb-editor-sa",
            "yandex_iam_service_account_static_access_key.ydb-editor-key"
          ]
        }
      ]
    },
    {
      "mode": "managed",
      "type": "yandex_iam_service_account",
      "name": "goy-sa",
      "provider": "provider[\"registry.terraform.io/yandex-cloud/yandex\"]",
      "instances": [
        {
          "schema_version": 0,
          "attributes": {
            "created_at": "2025-04-16T03:44:34Z",
            "description": "service account for function",
            "folder_id": "b1gj6dgm692ri5dl865t",
            "id": "ajencrl3gmamjs3ucufk",
            "name": "goy-service-account",
            "timeouts": null
          },
          "sensitive_attributes": [],
          "private": "eyJlMmJmYjczMC1lY2FhLTExZTYtOGY4OC0zNDM2M2JjN2M0YzAiOnsiY3JlYXRlIjo2MDAwMDAwMDAwMCwiZGVsZXRlIjo2MDAwMDAwMDAwMCwidXBkYXRlIjo2MDAwMDAwMDAwMH19"
        }
      ]
    },
    {
      "mode": "managed",
      "type": "yandex_iam_service_account",
      "name": "invoker-sa",
      "provider": "provider[\"registry.terraform.io/yandex-cloud/yandex\"]",
      "instances": [
        {
          "schema_version": 0,
          "attributes": {
            "created_at": "2025-04-16T03:44:30Z",
            "description": "service account for INVOKER",
            "folder_id": "b1gj6dgm692ri5dl865t",
            "id": "aje69sg0q3rfkirm0rs8",
            "name": "service-account-for-invoker",
            "timeouts": null
          },
          "sensitive_attributes": [],
          "private": "eyJlMmJmYjczMC1lY2FhLTExZTYtOGY4OC0zNDM2M2JjN2M0YzAiOnsiY3JlYXRlIjo2MDAwMDAwMDAwMCwiZGVsZXRlIjo2MDAwMDAwMDAwMCwidXBkYXRlIjo2MDAwMDAwMDAwMH19"
        }
      ]
    },
    {
      "mode": "managed",
      "type": "yandex_iam_service_account",
      "name": "ydb-editor-sa",
      "provider": "provider[\"registry.terraform.io/yandex-cloud/yandex\"]",
      "instances": [
        {
          "schema_version": 0,
          "attributes": {
            "created_at": "2025-04-16T03:44:32Z",
            "description": "service account for write to Data Base",
            "folder_id": "b1gj6dgm692ri5dl865t",
            "id": "ajelhqimnqe0gg0u6bc3",
            "name": "sa-ydb-write",
            "timeouts": null
          },
          "sensitive_attributes": [],
          "private": "eyJlMmJmYjczMC1lY2FhLTExZTYtOGY4OC0zNDM2M2JjN2M0YzAiOnsiY3JlYXRlIjo2MDAwMDAwMDAwMCwiZGVsZXRlIjo2MDAwMDAwMDAwMCwidXBkYXRlIjo2MDAwMDAwMDAwMH19"
        }
      ]
    },
    {
      "mode": "managed",
      "type": "yandex_iam_service_account_static_access_key",
      "name": "goy-static-key",
      "provider": "provider[\"registry.terraform.io/yandex-cloud/yandex\"]",
      "instances": [
        {
          "schema_version": 0,
          "attributes": {
            "access_key": "YCAJE3MhGrHogY8zn-z4Ywwik",
            "created_at": "2025-04-16T03:44:36Z",
            "description": "Static Key for goy",
            "encrypted_secret_key": null,
            "id": "ajegtbb8f369nm877e78",
            "key_fingerprint": null,
            "output_to_lockbox": [],
            "output_to_lockbox_version_id": null,
            "pgp_key": null,
            "secret_key": "YCN_xH0wGnTUwvB4ZauQaiQkXGFxKqJxgZp-lNzm",
            "service_account_id": "ajencrl3gmamjs3ucufk"
          },
          "sensitive_attributes": [
            [
              {
                "type": "get_attr",
                "value": "secret_key"
              }
            ]
          ],
          "private": "bnVsbA==",
          "dependencies": [
            "yandex_iam_service_account.goy-sa"
          ]
        }
      ]
    },
    {
      "mode": "managed",
      "type": "yandex_iam_service_account_static_access_key",
      "name": "ydb-editor-key",
      "provider": "provider[\"registry.terraform.io/yandex-cloud/yandex\"]",
      "instances": [
        {
          "schema_version": 0,
          "attributes": {
            "access_key": "YCAJEEARvVVIOlfsJjfW7KeNx",
            "created_at": "2025-04-16T03:44:34Z",
            "description": "Static Key for ydb-write-sa",
            "encrypted_secret_key": null,
            "id": "ajeficrdjsfdvcfkc6eb",
            "key_fingerprint": null,
            "output_to_lockbox": [],
            "output_to_lockbox_version_id": null,
            "pgp_key": null,
            "secret_key": "YCPKDKof1IPnCTALNH9kEaV4aaKIQ4Q5RfHgn7Nd",
            "service_account_id": "ajelhqimnqe0gg0u6bc3"
          },
          "sensitive_attributes": [
            [
              {
                "type": "get_attr",
                "value": "secret_key"
              }
            ]
          ],
          "private": "bnVsbA==",
          "dependencies": [
            "yandex_iam_service_account.ydb-editor-sa"
          ]
        }
      ]
    },
    {
      "mode": "managed",
      "type": "yandex_resourcemanager_folder_iam_member",
      "name": "invoker-role",
      "provider": "provider[\"registry.terraform.io/yandex-cloud/yandex\"]",
      "instances": [
        {
          "schema_version": 0,
          "attributes": {
            "folder_id": "b1gj6dgm692ri5dl865t",
            "id": "b1gj6dgm692ri5dl865t/functions.functionInvoker/serviceAccount:aje69sg0q3rfkirm0rs8",
            "member": "serviceAccount:aje69sg0q3rfkirm0rs8",
            "role": "functions.functionInvoker",
            "sleep_after": null,
            "timeouts": null
          },
          "sensitive_attributes": [],
          "private": "eyJlMmJmYjczMC1lY2FhLTExZTYtOGY4OC0zNDM2M2JjN2M0YzAiOnsiY3JlYXRlIjo2MDAwMDAwMDAwMCwiZGVmYXVsdCI6NjAwMDAwMDAwMDAsImRlbGV0ZSI6NjAwMDAwMDAwMDAsInJlYWQiOjYwMDAwMDAwMDAwLCJ1cGRhdGUiOjYwMDAwMDAwMDAwfX0=",
          "dependencies": [
            "yandex_iam_service_account.invoker-sa"
          ]
        }
      ]
    },
    {
      "mode": "managed",
      "type": "yandex_resourcemanager_folder_iam_member",
      "name": "ydb-editor-role",
      "provider": "provider[\"registry.terraform.io/yandex-cloud/yandex\"]",
      "instances": [
        {
          "schema_version": 0,
          "attributes": {
            "folder_id": "b1gj6dgm692ri5dl865t",
            "id": "b1gj6dgm692ri5dl865t/ydb.editor/serviceAccount:ajelhqimnqe0gg0u6bc3",
            "member": "serviceAccount:ajelhqimnqe0gg0u6bc3",
            "role": "ydb.editor",
            "sleep_after": null,
            "timeouts": null
          },
          "sensitive_attributes": [],
          "private": "eyJlMmJmYjczMC1lY2FhLTExZTYtOGY4OC0zNDM2M2JjN2M0YzAiOnsiY3JlYXRlIjo2MDAwMDAwMDAwMCwiZGVmYXVsdCI6NjAwMDAwMDAwMDAsImRlbGV0ZSI6NjAwMDAwMDAwMDAsInJlYWQiOjYwMDAwMDAwMDAwLCJ1cGRhdGUiOjYwMDAwMDAwMDAwfX0=",
          "dependencies": [
            "yandex_iam_service_account.ydb-editor-sa"
          ]
        }
      ]
    },
    {
      "mode": "managed",
      "type": "yandex_ydb_table",
      "name": "metric_table",
      "provider": "provider[\"registry.terraform.io/yandex-cloud/yandex\"]",
      "instances": [
        {
          "schema_version": 0,
          "attributes": {
            "attributes": {},
            "column": [
              {
                "family": "",
                "name": "metricname",
                "not_null": true,
                "type": "Utf8"
              },
              {
                "family": "",
                "name": "updated_at",
                "not_null": false,
                "type": "Timestamp"
              },
              {
                "family": "",
                "name": "value",
                "not_null": true,
                "type": "Double"
              }
            ],
            "connection_string": "grpcs://ydb.serverless.yandexcloud.net:2135/?database=/ru-central1/b1gatc4m3hv1ldldhljp/etng5tv897avcvrror1v",
            "family": [],
            "id": "grpcs://ydb.serverless.yandexcloud.net:2135/?database=/ru-central1/b1gatc4m3hv1ldldhljp/etng5tv897avcvrror1v?path=metrics",
            "key_bloom_filter": false,
            "partitioning_settings": [
              {
                "auto_partitioning_by_load": false,
                "auto_partitioning_by_size_enabled": true,
                "auto_partitioning_max_partitions_count": 0,
                "auto_partitioning_min_partitions_count": 1,
                "auto_partitioning_partition_size_mb": 2048,
                "partition_at_keys": [],
                "uniform_partitions": 0
              }
            ],
            "path": "metrics",
            "primary_key": [
              "metricname"
            ],
            "read_replicas_settings": "PER_AZ:0",
            "timeouts": null,
            "ttl": []
          },
          "sensitive_attributes": [],
          "private": "eyJlMmJmYjczMC1lY2FhLTExZTYtOGY4OC0zNDM2M2JjN2M0YzAiOnsiY3JlYXRlIjo2MDAwMDAwMDAwMCwiZGVmYXVsdCI6NjAwMDAwMDAwMDAsImRlbGV0ZSI6NjAwMDAwMDAwMDAsInJlYWQiOjYwMDAwMDAwMDAwLCJ1cGRhdGUiOjYwMDAwMDAwMDAwfX0="
        }
      ]
    }
  ],
  "check_results": null
}
