{
  "version": 4,
  "terraform_version": "1.10.5",
  "serial": 126,
  "lineage": "b50018eb-1df3-7bc6-839e-d64df3048de0",
  "outputs": {
    "apiURL": {
      "value": "   d5dr42990cljmith5i64.g3ab4gln.apigw.yandexcloud.net  ",
      "type": "string"
    }
  },
  "resources": [
    {
      "mode": "data",
      "type": "archive_file",
      "name": "lambda",
      "provider": "provider[\"registry.terraform.io/hashicorp/archive\"]",
      "instances": [
        {
          "schema_version": 0,
          "attributes": {
            "exclude_symlink_directories": null,
            "excludes": null,
            "id": "555290db09a518528adc3e985925742fac79a32e",
            "output_base64sha256": "77klpRuND0khZOjRAvgXnNMr2aTcT9lpn/pkfulYzDc=",
            "output_base64sha512": "Q91yoYY/kRpIC5DHixjfyPYF2dPHv/2/kFlSRXerLFpZw+hDVNy7GQZjwm1lQxylL6Eo9EHoQ7PRcikkyyOzbg==",
            "output_file_mode": null,
            "output_md5": "8a6791515193c8d3b124634e4c677a08",
            "output_path": "goim.zip",
            "output_sha": "555290db09a518528adc3e985925742fac79a32e",
            "output_sha256": "efb925a51b8d0f492164e8d102f8179cd32bd9a4dc4fd9699ffa647ee958cc37",
            "output_sha512": "43dd72a1863f911a480b90c78b18dfc8f605d9d3c7bffdbf9059524577ab2c5a59c3e84354dcbb190663c26d65431ca52fa128f441e843b3d1722924cb23b36e",
            "output_size": 14560,
            "source": [],
            "source_content": null,
            "source_content_filename": null,
            "source_dir": "./tozip/",
            "source_file": null,
            "type": "zip"
          },
          "sensitive_attributes": []
        }
      ]
    },
    {
      "mode": "managed",
      "type": "yandex_api_gateway",
      "name": "apigat",
      "provider": "provider[\"registry.terraform.io/yandex-cloud/yandex\"]",
      "instances": [
        {
          "schema_version": 0,
          "attributes": {
            "canary": [],
            "connectivity": [],
            "created_at": "2025-04-16T06:30:21Z",
            "custom_domains": [],
            "description": "describas",
            "domain": "d5dr42990cljmith5i64.g3ab4gln.apigw.yandexcloud.net",
            "execution_timeout": "300",
            "folder_id": "b1gj6dgm692ri5dl865t",
            "id": "d5dr42990cljmith5i64",
            "labels": {},
            "log_group_id": "",
            "log_options": [],
            "name": "gateway2",
            "spec": "# The OpenAPI specification for Yandex Cloud API Gateway.\r\n# Фактически - роутер-маршрутизатор. В paths - хендлеры\r\n# \r\nopenapi: \"3.0.0\"\r\ninfo:\r\n  version: 1.0.0\r\n  title: Test API\r\npaths:\r\n  /:\r\n    get:\r\n      summary: Say hello\r\n      operationId: hello\r\n      parameters:\r\n        - name: us\r\n          in: query\r\n          description: User name to appear in greetings\r\n          required: false\r\n          schema:\r\n            type: string\r\n            default: 'every buddy'\r\n      responses:\r\n        '200':\r\n          description: Greeting\r\n          content:\r\n            'text/plain':\r\n              schema:\r\n                type: \"string\"\r\n      x-yc-apigateway-integration:\r\n        type: dummy\r\n        http_code: 200\r\n        http_headers:\r\n          'Content-Type': \"text/plain\"\r\n        content:\r\n          'text/plain': \"Hello, {us}!\\n\" # для задания имени user https://******.apigw.yandexcloud.net/hello?user=uname\r\n  /mlook:\r\n    get:\r\n      responses:\r\n        '200':\r\n          description: Greeting\r\n          content:\r\n            'text/plain':\r\n              schema:\r\n                type: \"string\"\r\n        '502':\r\n          description: Greeting\r\n          content:\r\n            'text/plain':\r\n              schema:\r\n                type: \"string\"\r\n                default: \"errorrrr \"\r\n      x-yc-apigateway-integration:\r\n        type: cloud-functions\r\n        service_account_id: aje7i7q94e8puqb3t8tb # SA для invoker\r\n        function_id: d4eu04kjsfksao6ncj57  # Code.Sender получение и вывод метрик на экран, без БД\r\n        http_code: 200\r\n        http_headers:\r\n          'Content-Type': \"text/plain\"\r\n        \r\n  /mwrite:\r\n    get:\r\n      responses:\r\n        '200':\r\n          description: Ok\r\n        '503':\r\n          description: not ok\r\n      x-yc-apigateway-integration:\r\n        type: cloud-functions\r\n        service_account_id: aje7i7q94e8puqb3t8tb # SA для invoker\r\n        function_id: d4ejkpr5gs86qfumrmq2  # dbaser.WriteMetrics\r\n  /mread:\r\n    get:\r\n      responses:\r\n        '200':\r\n          description: Ok\r\n        '503':\r\n          description: not ok\r\n      x-yc-apigateway-integration:\r\n        type: cloud-functions\r\n        service_account_id: aje7i7q94e8puqb3t8tb # SA для invoker\r\n        function_id: d4ensou7rhn72c9vqgom  # dbaser.ReadMetrics\r\n        \r\n  /update/{mname}/{mvalue}:\r\n    get:\r\n      parameters:\r\n        - name: mname\r\n          in: path\r\n          description: Metric Name\r\n          required: true\r\n          schema:\r\n            type: string\r\n        - name: mvalue\r\n          in: path\r\n          description: Metric value\r\n          required: true\r\n          schema:\r\n            type: number\r\n      responses:\r\n        '200':\r\n          description: Ok\r\n        '503':\r\n          description: not ok\r\n      x-yc-apigateway-integration:\r\n        type: cloud-functions\r\n        service_account_id: aje7i7q94e8puqb3t8tb # SA для invoker\r\n        function_id: d4eb4lq4sn6ekh81q4nl  # dbaser.PutMetric\r\n        context:\r\n          mname: '{mname}'\r\n          mvalue: '{mvalue}'\r\n        \r\n  /value/{mname}:\r\n    get:\r\n      parameters:\r\n        - name: mname\r\n          in: path\r\n          description: Metric Name\r\n          required: true\r\n          schema:\r\n            type: string\r\n      responses:\r\n        '200':\r\n          description: Ok\r\n        '502':\r\n          description: not ok\r\n          content:\r\n           'text/plain':\r\n              schema:\r\n                type: \"string\"\r\n                default: \"errorrrrrrrrrrrr \"    \r\n      x-yc-apigateway-integration:\r\n        type: cloud-functions\r\n        service_account_id: aje7i7q94e8puqb3t8tb # SA для invoker\r\n        function_id: d4ed8frd4da74lii3k9i  # dbaser.GetMetric\r\n        context:\r\n          mname: '{mname}'\r\n        \r\n",
            "status": "active",
            "timeouts": null,
            "user_domains": [],
            "variables": null
          },
          "sensitive_attributes": [],
          "private": "eyJlMmJmYjczMC1lY2FhLTExZTYtOGY4OC0zNDM2M2JjN2M0YzAiOnsiY3JlYXRlIjozMDAwMDAwMDAwMDAsImRlbGV0ZSI6MzAwMDAwMDAwMDAwLCJ1cGRhdGUiOjMwMDAwMDAwMDAwMH19",
          "dependencies": [
            "data.archive_file.lambda",
            "yandex_function.getfrombase",
            "yandex_function.goy",
            "yandex_function.put2base",
            "yandex_function.readbd",
            "yandex_function.write2bd",
            "yandex_iam_service_account.goy-sa",
            "yandex_iam_service_account.invoker-sa",
            "yandex_iam_service_account.ydb-editor-sa",
            "yandex_iam_service_account_static_access_key.goy-static-key",
            "yandex_iam_service_account_static_access_key.ydb-editor-key"
          ]
        }
      ]
    },
    {
      "mode": "managed",
      "type": "yandex_function",
      "name": "getfrombase",
      "provider": "provider[\"registry.terraform.io/yandex-cloud/yandex\"]",
      "instances": [
        {
          "schema_version": 1,
          "attributes": {
            "async_invocation": [],
            "concurrency": 1,
            "connectivity": [],
            "content": [
              {
                "zip_filename": "goim.zip"
              }
            ],
            "created_at": "2025-04-16T07:40:27Z",
            "description": "read one metric from Data Base",
            "entrypoint": "handlers.GetOneMetric",
            "environment": {
              "AWS_ACCESS_KEY_ID": "YCAJE2fAo7uP6Ymn95J4hZR9q",
              "AWS_DEFAULT_REGION": "ru-central1-b",
              "AWS_SECRET_ACCESS_KEY": "YCMtLpDvHHeFW0T_vbmgJb6KESmMFOlCRczeFuJr",
              "DATABASE_DSN": "grpcs://ydb.serverless.yandexcloud.net:2135/?database=/ru-central1/b1gatc4m3hv1ldldhljp/etng5tv897avcvrror1v"
            },
            "execution_timeout": "10",
            "folder_id": "b1gj6dgm692ri5dl865t",
            "id": "d4ed8frd4da74lii3k9i",
            "image_size": 27766784,
            "labels": {},
            "log_options": [],
            "memory": 256,
            "metadata_options": [
              {
                "aws_v1_http_endpoint": 0,
                "gce_http_endpoint": 0
              }
            ],
            "mounts": [],
            "name": "read-one-metric",
            "package": [],
            "runtime": "golang121",
            "secrets": [],
            "service_account_id": "ajeqvuhequ60065000uk",
            "storage_mounts": [],
            "tags": [],
            "timeouts": null,
            "tmpfs_size": 0,
            "user_hash": "77klpRuND0khZOjRAvgXnNMr2aTcT9lpn/pkfulYzDc=",
            "version": "d4ejr9b6jfcc0cmuhc7d"
          },
          "sensitive_attributes": [
            [
              {
                "type": "get_attr",
                "value": "environment"
              },
              {
                "type": "index",
                "value": {
                  "value": "AWS_SECRET_ACCESS_KEY",
                  "type": "string"
                }
              }
            ]
          ],
          "private": "eyJlMmJmYjczMC1lY2FhLTExZTYtOGY4OC0zNDM2M2JjN2M0YzAiOnsiY3JlYXRlIjo2MDAwMDAwMDAwMDAsImRlbGV0ZSI6NjAwMDAwMDAwMDAwLCJ1cGRhdGUiOjYwMDAwMDAwMDAwMH0sInNjaGVtYV92ZXJzaW9uIjoiMSJ9",
          "dependencies": [
            "data.archive_file.lambda",
            "yandex_iam_service_account.ydb-editor-sa",
            "yandex_iam_service_account_static_access_key.ydb-editor-key"
          ]
        }
      ]
    },
    {
      "mode": "managed",
      "type": "yandex_function",
      "name": "goy",
      "provider": "provider[\"registry.terraform.io/yandex-cloud/yandex\"]",
      "instances": [
        {
          "schema_version": 1,
          "attributes": {
            "async_invocation": [],
            "concurrency": 1,
            "connectivity": [],
            "content": [
              {
                "zip_filename": "goim.zip"
              }
            ],
            "created_at": "2025-04-16T06:27:24Z",
            "description": "very first testing function",
            "entrypoint": "Code.Sender",
            "environment": {
              "AWS_ACCESS_KEY_ID": "YCAJEBgingKHEkkrqu5XS9cr3",
              "AWS_DEFAULT_REGION": "ru-central1-b",
              "AWS_SECRET_ACCESS_KEY": "YCPRgczb4IGQbXLyfUdeKQcTBO0VYOnvdRKuZ6q8"
            },
            "execution_timeout": "110",
            "folder_id": "b1gj6dgm692ri5dl865t",
            "id": "d4eu04kjsfksao6ncj57",
            "image_size": 27766784,
            "labels": {},
            "log_options": [],
            "memory": 256,
            "metadata_options": [
              {
                "aws_v1_http_endpoint": 0,
                "gce_http_endpoint": 0
              }
            ],
            "mounts": [],
            "name": "goy-func",
            "package": [],
            "runtime": "golang121",
            "secrets": [],
            "service_account_id": "ajecd0ieo1pjmsfooh8l",
            "storage_mounts": [],
            "tags": [],
            "timeouts": null,
            "tmpfs_size": 0,
            "user_hash": "77klpRuND0khZOjRAvgXnNMr2aTcT9lpn/pkfulYzDc=",
            "version": "d4ejd2loi76a4bb2ncu4"
          },
          "sensitive_attributes": [
            [
              {
                "type": "get_attr",
                "value": "environment"
              },
              {
                "type": "index",
                "value": {
                  "value": "AWS_SECRET_ACCESS_KEY",
                  "type": "string"
                }
              }
            ]
          ],
          "private": "eyJlMmJmYjczMC1lY2FhLTExZTYtOGY4OC0zNDM2M2JjN2M0YzAiOnsiY3JlYXRlIjo2MDAwMDAwMDAwMDAsImRlbGV0ZSI6NjAwMDAwMDAwMDAwLCJ1cGRhdGUiOjYwMDAwMDAwMDAwMH0sInNjaGVtYV92ZXJzaW9uIjoiMSJ9",
          "dependencies": [
            "data.archive_file.lambda",
            "yandex_iam_service_account.goy-sa",
            "yandex_iam_service_account_static_access_key.goy-static-key"
          ]
        }
      ]
    },
    {
      "mode": "managed",
      "type": "yandex_function",
      "name": "put2base",
      "provider": "provider[\"registry.terraform.io/yandex-cloud/yandex\"]",
      "instances": [
        {
          "schema_version": 1,
          "attributes": {
            "async_invocation": [],
            "concurrency": 1,
            "connectivity": [],
            "content": [
              {
                "zip_filename": "goim.zip"
              }
            ],
            "created_at": "2025-04-16T06:22:27Z",
            "description": "write one metric to Data Base",
            "entrypoint": "handlers.PutOneMetric",
            "environment": {
              "AWS_ACCESS_KEY_ID": "YCAJE2fAo7uP6Ymn95J4hZR9q",
              "AWS_DEFAULT_REGION": "ru-central1-b",
              "AWS_SECRET_ACCESS_KEY": "YCMtLpDvHHeFW0T_vbmgJb6KESmMFOlCRczeFuJr",
              "DATABASE_DSN": "grpcs://ydb.serverless.yandexcloud.net:2135/?database=/ru-central1/b1gatc4m3hv1ldldhljp/etng5tv897avcvrror1v"
            },
            "execution_timeout": "10",
            "folder_id": "b1gj6dgm692ri5dl865t",
            "id": "d4eb4lq4sn6ekh81q4nl",
            "image_size": 27766784,
            "labels": {},
            "log_options": [],
            "memory": 256,
            "metadata_options": [
              {
                "aws_v1_http_endpoint": 0,
                "gce_http_endpoint": 0
              }
            ],
            "mounts": [],
            "name": "put-to-db",
            "package": [],
            "runtime": "golang121",
            "secrets": [],
            "service_account_id": "ajeqvuhequ60065000uk",
            "storage_mounts": [],
            "tags": [],
            "timeouts": null,
            "tmpfs_size": 0,
            "user_hash": "77klpRuND0khZOjRAvgXnNMr2aTcT9lpn/pkfulYzDc=",
            "version": "d4eathbbdrnva38i3j8u"
          },
          "sensitive_attributes": [
            [
              {
                "type": "get_attr",
                "value": "environment"
              },
              {
                "type": "index",
                "value": {
                  "value": "AWS_SECRET_ACCESS_KEY",
                  "type": "string"
                }
              }
            ]
          ],
          "private": "eyJlMmJmYjczMC1lY2FhLTExZTYtOGY4OC0zNDM2M2JjN2M0YzAiOnsiY3JlYXRlIjo2MDAwMDAwMDAwMDAsImRlbGV0ZSI6NjAwMDAwMDAwMDAwLCJ1cGRhdGUiOjYwMDAwMDAwMDAwMH0sInNjaGVtYV92ZXJzaW9uIjoiMSJ9",
          "dependencies": [
            "data.archive_file.lambda",
            "yandex_iam_service_account.ydb-editor-sa",
            "yandex_iam_service_account_static_access_key.ydb-editor-key"
          ]
        }
      ]
    },
    {
      "mode": "managed",
      "type": "yandex_function",
      "name": "readbd",
      "provider": "provider[\"registry.terraform.io/yandex-cloud/yandex\"]",
      "instances": [
        {
          "schema_version": 1,
          "attributes": {
            "async_invocation": [],
            "concurrency": 1,
            "connectivity": [],
            "content": [
              {
                "zip_filename": "goim.zip"
              }
            ],
            "created_at": "2025-04-16T06:22:28Z",
            "description": "read metrics from Data Base",
            "entrypoint": "handlers.ReadMetrics",
            "environment": {
              "AWS_ACCESS_KEY_ID": "YCAJE2fAo7uP6Ymn95J4hZR9q",
              "AWS_DEFAULT_REGION": "ru-central1-b",
              "AWS_SECRET_ACCESS_KEY": "YCMtLpDvHHeFW0T_vbmgJb6KESmMFOlCRczeFuJr",
              "DATABASE_DSN": "grpcs://ydb.serverless.yandexcloud.net:2135/?database=/ru-central1/b1gatc4m3hv1ldldhljp/etng5tv897avcvrror1v"
            },
            "execution_timeout": "10",
            "folder_id": "b1gj6dgm692ri5dl865t",
            "id": "d4ensou7rhn72c9vqgom",
            "image_size": 27766784,
            "labels": {},
            "log_options": [],
            "memory": 256,
            "metadata_options": [
              {
                "aws_v1_http_endpoint": 0,
                "gce_http_endpoint": 0
              }
            ],
            "mounts": [],
            "name": "read-from-db",
            "package": [],
            "runtime": "golang121",
            "secrets": [],
            "service_account_id": "ajeqvuhequ60065000uk",
            "storage_mounts": [],
            "tags": [],
            "timeouts": null,
            "tmpfs_size": 0,
            "user_hash": "77klpRuND0khZOjRAvgXnNMr2aTcT9lpn/pkfulYzDc=",
            "version": "d4enb58ng6ujpf2rip1i"
          },
          "sensitive_attributes": [
            [
              {
                "type": "get_attr",
                "value": "environment"
              },
              {
                "type": "index",
                "value": {
                  "value": "AWS_SECRET_ACCESS_KEY",
                  "type": "string"
                }
              }
            ]
          ],
          "private": "eyJlMmJmYjczMC1lY2FhLTExZTYtOGY4OC0zNDM2M2JjN2M0YzAiOnsiY3JlYXRlIjo2MDAwMDAwMDAwMDAsImRlbGV0ZSI6NjAwMDAwMDAwMDAwLCJ1cGRhdGUiOjYwMDAwMDAwMDAwMH0sInNjaGVtYV92ZXJzaW9uIjoiMSJ9",
          "dependencies": [
            "data.archive_file.lambda",
            "yandex_iam_service_account.ydb-editor-sa",
            "yandex_iam_service_account_static_access_key.ydb-editor-key"
          ]
        }
      ]
    },
    {
      "mode": "managed",
      "type": "yandex_function",
      "name": "write2bd",
      "provider": "provider[\"registry.terraform.io/yandex-cloud/yandex\"]",
      "instances": [
        {
          "schema_version": 1,
          "attributes": {
            "async_invocation": [],
            "concurrency": 1,
            "connectivity": [],
            "content": [
              {
                "zip_filename": "goim.zip"
              }
            ],
            "created_at": "2025-04-16T06:22:28Z",
            "description": "write metrics to Data Base",
            "entrypoint": "handlers.WriteMetrics",
            "environment": {
              "AWS_ACCESS_KEY_ID": "YCAJE2fAo7uP6Ymn95J4hZR9q",
              "AWS_DEFAULT_REGION": "ru-central1-b",
              "AWS_SECRET_ACCESS_KEY": "YCMtLpDvHHeFW0T_vbmgJb6KESmMFOlCRczeFuJr",
              "DATABASE_DSN": "grpcs://ydb.serverless.yandexcloud.net:2135/?database=/ru-central1/b1gatc4m3hv1ldldhljp/etng5tv897avcvrror1v"
            },
            "execution_timeout": "10",
            "folder_id": "b1gj6dgm692ri5dl865t",
            "id": "d4ejkpr5gs86qfumrmq2",
            "image_size": 27766784,
            "labels": {},
            "log_options": [],
            "memory": 256,
            "metadata_options": [
              {
                "aws_v1_http_endpoint": 0,
                "gce_http_endpoint": 0
              }
            ],
            "mounts": [],
            "name": "write-to-db",
            "package": [],
            "runtime": "golang121",
            "secrets": [],
            "service_account_id": "ajeqvuhequ60065000uk",
            "storage_mounts": [],
            "tags": [],
            "timeouts": null,
            "tmpfs_size": 0,
            "user_hash": "77klpRuND0khZOjRAvgXnNMr2aTcT9lpn/pkfulYzDc=",
            "version": "d4ev3tqa853hubb22i3f"
          },
          "sensitive_attributes": [
            [
              {
                "type": "get_attr",
                "value": "environment"
              },
              {
                "type": "index",
                "value": {
                  "value": "AWS_SECRET_ACCESS_KEY",
                  "type": "string"
                }
              }
            ]
          ],
          "private": "eyJlMmJmYjczMC1lY2FhLTExZTYtOGY4OC0zNDM2M2JjN2M0YzAiOnsiY3JlYXRlIjo2MDAwMDAwMDAwMDAsImRlbGV0ZSI6NjAwMDAwMDAwMDAwLCJ1cGRhdGUiOjYwMDAwMDAwMDAwMH0sInNjaGVtYV92ZXJzaW9uIjoiMSJ9",
          "dependencies": [
            "data.archive_file.lambda",
            "yandex_iam_service_account.ydb-editor-sa",
            "yandex_iam_service_account_static_access_key.ydb-editor-key"
          ]
        }
      ]
    },
    {
      "mode": "managed",
      "type": "yandex_function_iam_binding",
      "name": "function-gett",
      "provider": "provider[\"registry.terraform.io/yandex-cloud/yandex\"]",
      "instances": [
        {
          "schema_version": 0,
          "attributes": {
            "function_id": "d4ed8frd4da74lii3k9i",
            "id": "d4ed8frd4da74lii3k9i/functions.functionInvoker",
            "members": [
              "serviceAccount:aje7i7q94e8puqb3t8tb"
            ],
            "role": "functions.functionInvoker",
            "sleep_after": null,
            "timeouts": null
          },
          "sensitive_attributes": [],
          "private": "eyJlMmJmYjczMC1lY2FhLTExZTYtOGY4OC0zNDM2M2JjN2M0YzAiOnsiY3JlYXRlIjo2MDAwMDAwMDAwMCwiZGVmYXVsdCI6NjAwMDAwMDAwMDAsImRlbGV0ZSI6NjAwMDAwMDAwMDAsInJlYWQiOjYwMDAwMDAwMDAwLCJ1cGRhdGUiOjYwMDAwMDAwMDAwfX0=",
          "dependencies": [
            "data.archive_file.lambda",
            "yandex_function.getfrombase",
            "yandex_iam_service_account.invoker-sa",
            "yandex_iam_service_account.ydb-editor-sa",
            "yandex_iam_service_account_static_access_key.ydb-editor-key"
          ]
        }
      ]
    },
    {
      "mode": "managed",
      "type": "yandex_function_iam_binding",
      "name": "function-iamw",
      "provider": "provider[\"registry.terraform.io/yandex-cloud/yandex\"]",
      "instances": [
        {
          "schema_version": 0,
          "attributes": {
            "function_id": "d4eu04kjsfksao6ncj57",
            "id": "d4eu04kjsfksao6ncj57/functions.functionInvoker",
            "members": [
              "system:allUsers"
            ],
            "role": "functions.functionInvoker",
            "sleep_after": null,
            "timeouts": null
          },
          "sensitive_attributes": [],
          "private": "eyJlMmJmYjczMC1lY2FhLTExZTYtOGY4OC0zNDM2M2JjN2M0YzAiOnsiY3JlYXRlIjo2MDAwMDAwMDAwMCwiZGVmYXVsdCI6NjAwMDAwMDAwMDAsImRlbGV0ZSI6NjAwMDAwMDAwMDAsInJlYWQiOjYwMDAwMDAwMDAwLCJ1cGRhdGUiOjYwMDAwMDAwMDAwfX0=",
          "dependencies": [
            "data.archive_file.lambda",
            "yandex_function.goy",
            "yandex_iam_service_account.goy-sa",
            "yandex_iam_service_account_static_access_key.goy-static-key"
          ]
        }
      ]
    },
    {
      "mode": "managed",
      "type": "yandex_function_iam_binding",
      "name": "function-putt",
      "provider": "provider[\"registry.terraform.io/yandex-cloud/yandex\"]",
      "instances": [
        {
          "schema_version": 0,
          "attributes": {
            "function_id": "d4eb4lq4sn6ekh81q4nl",
            "id": "d4eb4lq4sn6ekh81q4nl/functions.functionInvoker",
            "members": [
              "serviceAccount:aje7i7q94e8puqb3t8tb"
            ],
            "role": "functions.functionInvoker",
            "sleep_after": null,
            "timeouts": null
          },
          "sensitive_attributes": [],
          "private": "eyJlMmJmYjczMC1lY2FhLTExZTYtOGY4OC0zNDM2M2JjN2M0YzAiOnsiY3JlYXRlIjo2MDAwMDAwMDAwMCwiZGVmYXVsdCI6NjAwMDAwMDAwMDAsImRlbGV0ZSI6NjAwMDAwMDAwMDAsInJlYWQiOjYwMDAwMDAwMDAwLCJ1cGRhdGUiOjYwMDAwMDAwMDAwfX0=",
          "dependencies": [
            "data.archive_file.lambda",
            "yandex_function.put2base",
            "yandex_iam_service_account.invoker-sa",
            "yandex_iam_service_account.ydb-editor-sa",
            "yandex_iam_service_account_static_access_key.ydb-editor-key"
          ]
        }
      ]
    },
    {
      "mode": "managed",
      "type": "yandex_function_iam_binding",
      "name": "function-read",
      "provider": "provider[\"registry.terraform.io/yandex-cloud/yandex\"]",
      "instances": [
        {
          "schema_version": 0,
          "attributes": {
            "function_id": "d4ensou7rhn72c9vqgom",
            "id": "d4ensou7rhn72c9vqgom/functions.functionInvoker",
            "members": [
              "serviceAccount:aje7i7q94e8puqb3t8tb"
            ],
            "role": "functions.functionInvoker",
            "sleep_after": null,
            "timeouts": null
          },
          "sensitive_attributes": [],
          "private": "eyJlMmJmYjczMC1lY2FhLTExZTYtOGY4OC0zNDM2M2JjN2M0YzAiOnsiY3JlYXRlIjo2MDAwMDAwMDAwMCwiZGVmYXVsdCI6NjAwMDAwMDAwMDAsImRlbGV0ZSI6NjAwMDAwMDAwMDAsInJlYWQiOjYwMDAwMDAwMDAwLCJ1cGRhdGUiOjYwMDAwMDAwMDAwfX0=",
          "dependencies": [
            "data.archive_file.lambda",
            "yandex_function.readbd",
            "yandex_iam_service_account.invoker-sa",
            "yandex_iam_service_account.ydb-editor-sa",
            "yandex_iam_service_account_static_access_key.ydb-editor-key"
          ]
        }
      ]
    },
    {
      "mode": "managed",
      "type": "yandex_function_iam_binding",
      "name": "function-write",
      "provider": "provider[\"registry.terraform.io/yandex-cloud/yandex\"]",
      "instances": [
        {
          "schema_version": 0,
          "attributes": {
            "function_id": "d4ejkpr5gs86qfumrmq2",
            "id": "d4ejkpr5gs86qfumrmq2/functions.functionInvoker",
            "members": [
              "serviceAccount:aje7i7q94e8puqb3t8tb"
            ],
            "role": "functions.functionInvoker",
            "sleep_after": null,
            "timeouts": null
          },
          "sensitive_attributes": [],
          "private": "eyJlMmJmYjczMC1lY2FhLTExZTYtOGY4OC0zNDM2M2JjN2M0YzAiOnsiY3JlYXRlIjo2MDAwMDAwMDAwMCwiZGVmYXVsdCI6NjAwMDAwMDAwMDAsImRlbGV0ZSI6NjAwMDAwMDAwMDAsInJlYWQiOjYwMDAwMDAwMDAwLCJ1cGRhdGUiOjYwMDAwMDAwMDAwfX0=",
          "dependencies": [
            "data.archive_file.lambda",
            "yandex_function.write2bd",
            "yandex_iam_service_account.invoker-sa",
            "yandex_iam_service_account.ydb-editor-sa",
            "yandex_iam_service_account_static_access_key.ydb-editor-key"
          ]
        }
      ]
    },
    {
      "mode": "managed",
      "type": "yandex_iam_service_account",
      "name": "goy-sa",
      "provider": "provider[\"registry.terraform.io/yandex-cloud/yandex\"]",
      "instances": [
        {
          "schema_version": 0,
          "attributes": {
            "created_at": "2025-04-16T06:27:21Z",
            "description": "service account for function",
            "folder_id": "b1gj6dgm692ri5dl865t",
            "id": "ajecd0ieo1pjmsfooh8l",
            "name": "goy-service-account",
            "timeouts": null
          },
          "sensitive_attributes": [],
          "private": "eyJlMmJmYjczMC1lY2FhLTExZTYtOGY4OC0zNDM2M2JjN2M0YzAiOnsiY3JlYXRlIjo2MDAwMDAwMDAwMCwiZGVsZXRlIjo2MDAwMDAwMDAwMCwidXBkYXRlIjo2MDAwMDAwMDAwMH19"
        }
      ]
    },
    {
      "mode": "managed",
      "type": "yandex_iam_service_account",
      "name": "invoker-sa",
      "provider": "provider[\"registry.terraform.io/yandex-cloud/yandex\"]",
      "instances": [
        {
          "schema_version": 0,
          "attributes": {
            "created_at": "2025-04-16T06:22:22Z",
            "description": "service account for INVOKER",
            "folder_id": "b1gj6dgm692ri5dl865t",
            "id": "aje7i7q94e8puqb3t8tb",
            "name": "service-account-for-invoker",
            "timeouts": null
          },
          "sensitive_attributes": [],
          "private": "eyJlMmJmYjczMC1lY2FhLTExZTYtOGY4OC0zNDM2M2JjN2M0YzAiOnsiY3JlYXRlIjo2MDAwMDAwMDAwMCwiZGVsZXRlIjo2MDAwMDAwMDAwMCwidXBkYXRlIjo2MDAwMDAwMDAwMH19"
        }
      ]
    },
    {
      "mode": "managed",
      "type": "yandex_iam_service_account",
      "name": "ydb-editor-sa",
      "provider": "provider[\"registry.terraform.io/yandex-cloud/yandex\"]",
      "instances": [
        {
          "schema_version": 0,
          "attributes": {
            "created_at": "2025-04-16T06:22:24Z",
            "description": "service account for write to Data Base",
            "folder_id": "b1gj6dgm692ri5dl865t",
            "id": "ajeqvuhequ60065000uk",
            "name": "sa-ydb-write",
            "timeouts": null
          },
          "sensitive_attributes": [],
          "private": "eyJlMmJmYjczMC1lY2FhLTExZTYtOGY4OC0zNDM2M2JjN2M0YzAiOnsiY3JlYXRlIjo2MDAwMDAwMDAwMCwiZGVsZXRlIjo2MDAwMDAwMDAwMCwidXBkYXRlIjo2MDAwMDAwMDAwMH19"
        }
      ]
    },
    {
      "mode": "managed",
      "type": "yandex_iam_service_account_static_access_key",
      "name": "goy-static-key",
      "provider": "provider[\"registry.terraform.io/yandex-cloud/yandex\"]",
      "instances": [
        {
          "schema_version": 0,
          "attributes": {
            "access_key": "YCAJEBgingKHEkkrqu5XS9cr3",
            "created_at": "2025-04-16T06:27:23Z",
            "description": "Static Key for goy",
            "encrypted_secret_key": null,
            "id": "ajemi6bl51qbidfpj2g2",
            "key_fingerprint": null,
            "output_to_lockbox": [],
            "output_to_lockbox_version_id": null,
            "pgp_key": null,
            "secret_key": "YCPRgczb4IGQbXLyfUdeKQcTBO0VYOnvdRKuZ6q8",
            "service_account_id": "ajecd0ieo1pjmsfooh8l"
          },
          "sensitive_attributes": [
            [
              {
                "type": "get_attr",
                "value": "secret_key"
              }
            ]
          ],
          "private": "bnVsbA==",
          "dependencies": [
            "yandex_iam_service_account.goy-sa"
          ]
        }
      ]
    },
    {
      "mode": "managed",
      "type": "yandex_iam_service_account_static_access_key",
      "name": "ydb-editor-key",
      "provider": "provider[\"registry.terraform.io/yandex-cloud/yandex\"]",
      "instances": [
        {
          "schema_version": 0,
          "attributes": {
            "access_key": "YCAJE2fAo7uP6Ymn95J4hZR9q",
            "created_at": "2025-04-16T06:22:26Z",
            "description": "Static Key for ydb-write-sa",
            "encrypted_secret_key": null,
            "id": "ajefs1ubv1ht3e65ief4",
            "key_fingerprint": null,
            "output_to_lockbox": [],
            "output_to_lockbox_version_id": null,
            "pgp_key": null,
            "secret_key": "YCMtLpDvHHeFW0T_vbmgJb6KESmMFOlCRczeFuJr",
            "service_account_id": "ajeqvuhequ60065000uk"
          },
          "sensitive_attributes": [
            [
              {
                "type": "get_attr",
                "value": "secret_key"
              }
            ]
          ],
          "private": "bnVsbA==",
          "dependencies": [
            "yandex_iam_service_account.ydb-editor-sa"
          ]
        }
      ]
    },
    {
      "mode": "managed",
      "type": "yandex_resourcemanager_folder_iam_member",
      "name": "invoker-role",
      "provider": "provider[\"registry.terraform.io/yandex-cloud/yandex\"]",
      "instances": [
        {
          "schema_version": 0,
          "attributes": {
            "folder_id": "b1gj6dgm692ri5dl865t",
            "id": "b1gj6dgm692ri5dl865t/functions.functionInvoker/serviceAccount:aje7i7q94e8puqb3t8tb",
            "member": "serviceAccount:aje7i7q94e8puqb3t8tb",
            "role": "functions.functionInvoker",
            "sleep_after": null,
            "timeouts": null
          },
          "sensitive_attributes": [],
          "private": "eyJlMmJmYjczMC1lY2FhLTExZTYtOGY4OC0zNDM2M2JjN2M0YzAiOnsiY3JlYXRlIjo2MDAwMDAwMDAwMCwiZGVmYXVsdCI6NjAwMDAwMDAwMDAsImRlbGV0ZSI6NjAwMDAwMDAwMDAsInJlYWQiOjYwMDAwMDAwMDAwLCJ1cGRhdGUiOjYwMDAwMDAwMDAwfX0=",
          "dependencies": [
            "yandex_iam_service_account.invoker-sa"
          ]
        }
      ]
    },
    {
      "mode": "managed",
      "type": "yandex_resourcemanager_folder_iam_member",
      "name": "ydb-editor-role",
      "provider": "provider[\"registry.terraform.io/yandex-cloud/yandex\"]",
      "instances": [
        {
          "schema_version": 0,
          "attributes": {
            "folder_id": "b1gj6dgm692ri5dl865t",
            "id": "b1gj6dgm692ri5dl865t/ydb.editor/serviceAccount:ajeqvuhequ60065000uk",
            "member": "serviceAccount:ajeqvuhequ60065000uk",
            "role": "ydb.editor",
            "sleep_after": null,
            "timeouts": null
          },
          "sensitive_attributes": [],
          "private": "eyJlMmJmYjczMC1lY2FhLTExZTYtOGY4OC0zNDM2M2JjN2M0YzAiOnsiY3JlYXRlIjo2MDAwMDAwMDAwMCwiZGVmYXVsdCI6NjAwMDAwMDAwMDAsImRlbGV0ZSI6NjAwMDAwMDAwMDAsInJlYWQiOjYwMDAwMDAwMDAwLCJ1cGRhdGUiOjYwMDAwMDAwMDAwfX0=",
          "dependencies": [
            "yandex_iam_service_account.ydb-editor-sa"
          ]
        }
      ]
    },
    {
      "mode": "managed",
      "type": "yandex_ydb_table",
      "name": "metric_table",
      "provider": "provider[\"registry.terraform.io/yandex-cloud/yandex\"]",
      "instances": [
        {
          "schema_version": 0,
          "attributes": {
            "attributes": {},
            "column": [
              {
                "family": "",
                "name": "metricname",
                "not_null": true,
                "type": "Utf8"
              },
              {
                "family": "",
                "name": "updated_at",
                "not_null": false,
                "type": "Timestamp"
              },
              {
                "family": "",
                "name": "value",
                "not_null": true,
                "type": "Double"
              }
            ],
            "connection_string": "grpcs://ydb.serverless.yandexcloud.net:2135/?database=/ru-central1/b1gatc4m3hv1ldldhljp/etng5tv897avcvrror1v",
            "family": [],
            "id": "grpcs://ydb.serverless.yandexcloud.net:2135/?database=/ru-central1/b1gatc4m3hv1ldldhljp/etng5tv897avcvrror1v?path=metrics",
            "key_bloom_filter": false,
            "partitioning_settings": [
              {
                "auto_partitioning_by_load": false,
                "auto_partitioning_by_size_enabled": true,
                "auto_partitioning_max_partitions_count": 0,
                "auto_partitioning_min_partitions_count": 1,
                "auto_partitioning_partition_size_mb": 2048,
                "partition_at_keys": [],
                "uniform_partitions": 0
              }
            ],
            "path": "metrics",
            "primary_key": [
              "metricname"
            ],
            "read_replicas_settings": "PER_AZ:0",
            "timeouts": null,
            "ttl": []
          },
          "sensitive_attributes": [],
          "private": "eyJlMmJmYjczMC1lY2FhLTExZTYtOGY4OC0zNDM2M2JjN2M0YzAiOnsiY3JlYXRlIjo2MDAwMDAwMDAwMCwiZGVmYXVsdCI6NjAwMDAwMDAwMDAsImRlbGV0ZSI6NjAwMDAwMDAwMDAsInJlYWQiOjYwMDAwMDAwMDAwLCJ1cGRhdGUiOjYwMDAwMDAwMDAwfX0="
        }
      ]
    }
  ],
  "check_results": null
}
