{
  "version": 4,
  "terraform_version": "1.10.5",
  "serial": 19,
  "lineage": "e8af6cba-4443-bf40-90f6-4bbf72ab319d",
  "outputs": {
    "metrics_func": {
      "value": "   https://functions.yandexcloud.net/d4eml3sen4bcc6ao0nhd  ",
      "type": "string"
    }
  },
  "resources": [
    {
      "mode": "data",
      "type": "archive_file",
      "name": "lambda",
      "provider": "provider[\"registry.terraform.io/hashicorp/archive\"]",
      "instances": [
        {
          "schema_version": 0,
          "attributes": {
            "exclude_symlink_directories": null,
            "excludes": null,
            "id": "bf3ab3cc684fada9b5701751e7b03ca8ef669167",
            "output_base64sha256": "IUrj163CiYcEXVdW1NQXi58XOtVWifFr/PwcIIaFSzI=",
            "output_base64sha512": "hhJ5tQM++EIbEAyzIwP3yD2cmuaF37F74ETBjHXBfJ8NJfqgbYzixPOJasEpuDPfz3ZmEYO5mM7ZZoPPDvjedA==",
            "output_file_mode": null,
            "output_md5": "62b31fd3bdf58b96e55e00587ca498e2",
            "output_path": "goim.zip",
            "output_sha": "bf3ab3cc684fada9b5701751e7b03ca8ef669167",
            "output_sha256": "214ae3d7adc28987045d5756d4d4178b9f173ad55689f16bfcfc1c2086854b32",
            "output_sha512": "861279b5033ef8421b100cb32303f7c83d9c9ae685dfb17be044c18c75c17c9f0d25faa06d8ce2c4f3896ac129b833dfcf76661183b998ced96683cf0ef8de74",
            "output_size": 13367,
            "source": [],
            "source_content": null,
            "source_content_filename": null,
            "source_dir": "./tozip/",
            "source_file": null,
            "type": "zip"
          },
          "sensitive_attributes": []
        }
      ]
    },
    {
      "mode": "managed",
      "type": "yandex_function",
      "name": "goy",
      "provider": "provider[\"registry.terraform.io/yandex-cloud/yandex\"]",
      "instances": [
        {
          "schema_version": 1,
          "attributes": {
            "async_invocation": [],
            "concurrency": 1,
            "connectivity": [],
            "content": [
              {
                "zip_filename": "goim.zip"
              }
            ],
            "created_at": "2025-04-15T17:14:01Z",
            "description": "very first testing function",
            "entrypoint": "Code.Sender",
            "environment": {
              "AWS_ACCESS_KEY_ID": "YCAJEUcIxS7iC3e_a-01QhOmg",
              "AWS_DEFAULT_REGION": "ru-central1-b",
              "AWS_SECRET_ACCESS_KEY": "YCPfmSDyjFvGWjBrPcSLd43Jw47e9byNxwXJ6eWP"
            },
            "execution_timeout": "110",
            "folder_id": "b1gj6dgm692ri5dl865t",
            "id": "d4eml3sen4bcc6ao0nhd",
            "image_size": 27783168,
            "labels": {},
            "log_options": [],
            "memory": 256,
            "metadata_options": [
              {
                "aws_v1_http_endpoint": 0,
                "gce_http_endpoint": 0
              }
            ],
            "mounts": [],
            "name": "goy-func",
            "package": [],
            "runtime": "golang121",
            "secrets": [],
            "service_account_id": "aje0eng522klbv67smd9",
            "storage_mounts": [],
            "tags": [],
            "timeouts": null,
            "tmpfs_size": 0,
            "user_hash": "IUrj163CiYcEXVdW1NQXi58XOtVWifFr/PwcIIaFSzI=",
            "version": "d4evcpq80rgeabt2tkql"
          },
          "sensitive_attributes": [
            [
              {
                "type": "get_attr",
                "value": "environment"
              },
              {
                "type": "index",
                "value": {
                  "value": "AWS_SECRET_ACCESS_KEY",
                  "type": "string"
                }
              }
            ]
          ],
          "private": "eyJlMmJmYjczMC1lY2FhLTExZTYtOGY4OC0zNDM2M2JjN2M0YzAiOnsiY3JlYXRlIjo2MDAwMDAwMDAwMDAsImRlbGV0ZSI6NjAwMDAwMDAwMDAwLCJ1cGRhdGUiOjYwMDAwMDAwMDAwMH0sInNjaGVtYV92ZXJzaW9uIjoiMSJ9",
          "dependencies": [
            "data.archive_file.lambda",
            "yandex_iam_service_account.goy-sa",
            "yandex_iam_service_account_static_access_key.goy-static-key"
          ]
        }
      ]
    },
    {
      "mode": "managed",
      "type": "yandex_function",
      "name": "readbd",
      "provider": "provider[\"registry.terraform.io/yandex-cloud/yandex\"]",
      "instances": [
        {
          "schema_version": 1,
          "attributes": {
            "async_invocation": [],
            "concurrency": null,
            "connectivity": [],
            "content": [
              {
                "zip_filename": "goim.zip"
              }
            ],
            "created_at": "2025-04-15T17:14:00Z",
            "description": "read metrics from Data Base",
            "entrypoint": "cmd/servless/dbaser.ReadMetrics",
            "environment": {
              "AWS_ACCESS_KEY_ID": "YCAJEMDvKJCi3porYqKGbQYE-",
              "AWS_DEFAULT_REGION": "ru-central1-b",
              "AWS_SECRET_ACCESS_KEY": "YCM0ucYNGkDP29LM2gLcZamLNToxk_5fZvEq1Y7A",
              "DATABASE_DSN": "grpcs://ydb.serverless.yandexcloud.net:2135/?database=/ru-central1/b1gatc4m3hv1ldldhljp/etng5tv897avcvrror1v"
            },
            "execution_timeout": "10",
            "folder_id": "b1gj6dgm692ri5dl865t",
            "id": "d4e79e6p5kfmtm5il3jc",
            "image_size": null,
            "labels": {},
            "log_options": [],
            "memory": 256,
            "metadata_options": [],
            "mounts": [],
            "name": "read-from-db",
            "package": [],
            "runtime": "golang121",
            "secrets": [],
            "service_account_id": "aje9rfee1765okhn6fqi",
            "storage_mounts": [],
            "tags": [],
            "timeouts": null,
            "tmpfs_size": null,
            "user_hash": "IUrj163CiYcEXVdW1NQXi58XOtVWifFr/PwcIIaFSzI=",
            "version": null
          },
          "sensitive_attributes": [
            [
              {
                "type": "get_attr",
                "value": "environment"
              },
              {
                "type": "index",
                "value": {
                  "value": "AWS_SECRET_ACCESS_KEY",
                  "type": "string"
                }
              }
            ]
          ],
          "private": "eyJlMmJmYjczMC1lY2FhLTExZTYtOGY4OC0zNDM2M2JjN2M0YzAiOnsiY3JlYXRlIjo2MDAwMDAwMDAwMDAsImRlbGV0ZSI6NjAwMDAwMDAwMDAwLCJ1cGRhdGUiOjYwMDAwMDAwMDAwMH0sInNjaGVtYV92ZXJzaW9uIjoiMSJ9",
          "dependencies": [
            "data.archive_file.lambda",
            "yandex_iam_service_account.ydb-editor-sa",
            "yandex_iam_service_account_static_access_key.ydb-editor-key"
          ]
        }
      ]
    },
    {
      "mode": "managed",
      "type": "yandex_function",
      "name": "write2bd",
      "provider": "provider[\"registry.terraform.io/yandex-cloud/yandex\"]",
      "instances": [
        {
          "schema_version": 1,
          "attributes": {
            "async_invocation": [],
            "concurrency": null,
            "connectivity": [],
            "content": [
              {
                "zip_filename": "goim.zip"
              }
            ],
            "created_at": "2025-04-15T17:13:59Z",
            "description": "write metrics to Data Base",
            "entrypoint": "cmd/servless/dbaser.WriteMetrics",
            "environment": {
              "AWS_ACCESS_KEY_ID": "YCAJEMDvKJCi3porYqKGbQYE-",
              "AWS_DEFAULT_REGION": "ru-central1-b",
              "AWS_SECRET_ACCESS_KEY": "YCM0ucYNGkDP29LM2gLcZamLNToxk_5fZvEq1Y7A",
              "DATABASE_DSN": "grpcs://ydb.serverless.yandexcloud.net:2135/?database=/ru-central1/b1gatc4m3hv1ldldhljp/etng5tv897avcvrror1v"
            },
            "execution_timeout": "10",
            "folder_id": "b1gj6dgm692ri5dl865t",
            "id": "d4etc957u45aiu6gh67r",
            "image_size": null,
            "labels": {},
            "log_options": [],
            "memory": 256,
            "metadata_options": [],
            "mounts": [],
            "name": "write-to-db",
            "package": [],
            "runtime": "golang121",
            "secrets": [],
            "service_account_id": "aje9rfee1765okhn6fqi",
            "storage_mounts": [],
            "tags": [],
            "timeouts": null,
            "tmpfs_size": null,
            "user_hash": "IUrj163CiYcEXVdW1NQXi58XOtVWifFr/PwcIIaFSzI=",
            "version": null
          },
          "sensitive_attributes": [
            [
              {
                "type": "get_attr",
                "value": "environment"
              },
              {
                "type": "index",
                "value": {
                  "value": "AWS_SECRET_ACCESS_KEY",
                  "type": "string"
                }
              }
            ]
          ],
          "private": "eyJlMmJmYjczMC1lY2FhLTExZTYtOGY4OC0zNDM2M2JjN2M0YzAiOnsiY3JlYXRlIjo2MDAwMDAwMDAwMDAsImRlbGV0ZSI6NjAwMDAwMDAwMDAwLCJ1cGRhdGUiOjYwMDAwMDAwMDAwMH0sInNjaGVtYV92ZXJzaW9uIjoiMSJ9",
          "dependencies": [
            "data.archive_file.lambda",
            "yandex_iam_service_account.ydb-editor-sa",
            "yandex_iam_service_account_static_access_key.ydb-editor-key"
          ]
        }
      ]
    },
    {
      "mode": "managed",
      "type": "yandex_function_iam_binding",
      "name": "function-iamw",
      "provider": "provider[\"registry.terraform.io/yandex-cloud/yandex\"]",
      "instances": [
        {
          "schema_version": 0,
          "attributes": {
            "function_id": "d4eml3sen4bcc6ao0nhd",
            "id": "d4eml3sen4bcc6ao0nhd/functions.functionInvoker",
            "members": [
              "system:allUsers"
            ],
            "role": "functions.functionInvoker",
            "sleep_after": null,
            "timeouts": null
          },
          "sensitive_attributes": [],
          "private": "eyJlMmJmYjczMC1lY2FhLTExZTYtOGY4OC0zNDM2M2JjN2M0YzAiOnsiY3JlYXRlIjo2MDAwMDAwMDAwMCwiZGVmYXVsdCI6NjAwMDAwMDAwMDAsImRlbGV0ZSI6NjAwMDAwMDAwMDAsInJlYWQiOjYwMDAwMDAwMDAwLCJ1cGRhdGUiOjYwMDAwMDAwMDAwfX0=",
          "dependencies": [
            "data.archive_file.lambda",
            "yandex_function.goy",
            "yandex_iam_service_account.goy-sa",
            "yandex_iam_service_account_static_access_key.goy-static-key"
          ]
        }
      ]
    },
    {
      "mode": "managed",
      "type": "yandex_function_iam_binding",
      "name": "function-read",
      "provider": "provider[\"registry.terraform.io/yandex-cloud/yandex\"]",
      "instances": [
        {
          "schema_version": 0,
          "attributes": {
            "function_id": "d4e79e6p5kfmtm5il3jc",
            "id": "d4e79e6p5kfmtm5il3jc/functions.functionInvoker",
            "members": [
              "serviceAccount:ajevjq0faqvue53m2u6b"
            ],
            "role": "functions.functionInvoker",
            "sleep_after": null,
            "timeouts": null
          },
          "sensitive_attributes": [],
          "private": "eyJlMmJmYjczMC1lY2FhLTExZTYtOGY4OC0zNDM2M2JjN2M0YzAiOnsiY3JlYXRlIjo2MDAwMDAwMDAwMCwiZGVmYXVsdCI6NjAwMDAwMDAwMDAsImRlbGV0ZSI6NjAwMDAwMDAwMDAsInJlYWQiOjYwMDAwMDAwMDAwLCJ1cGRhdGUiOjYwMDAwMDAwMDAwfX0=",
          "dependencies": [
            "data.archive_file.lambda",
            "yandex_function.readbd",
            "yandex_iam_service_account.invoker-sa",
            "yandex_iam_service_account.ydb-editor-sa",
            "yandex_iam_service_account_static_access_key.ydb-editor-key"
          ]
        }
      ]
    },
    {
      "mode": "managed",
      "type": "yandex_function_iam_binding",
      "name": "function-write",
      "provider": "provider[\"registry.terraform.io/yandex-cloud/yandex\"]",
      "instances": [
        {
          "schema_version": 0,
          "attributes": {
            "function_id": "d4etc957u45aiu6gh67r",
            "id": "d4etc957u45aiu6gh67r/functions.functionInvoker",
            "members": [
              "serviceAccount:ajevjq0faqvue53m2u6b"
            ],
            "role": "functions.functionInvoker",
            "sleep_after": null,
            "timeouts": null
          },
          "sensitive_attributes": [],
          "private": "eyJlMmJmYjczMC1lY2FhLTExZTYtOGY4OC0zNDM2M2JjN2M0YzAiOnsiY3JlYXRlIjo2MDAwMDAwMDAwMCwiZGVmYXVsdCI6NjAwMDAwMDAwMDAsImRlbGV0ZSI6NjAwMDAwMDAwMDAsInJlYWQiOjYwMDAwMDAwMDAwLCJ1cGRhdGUiOjYwMDAwMDAwMDAwfX0=",
          "dependencies": [
            "data.archive_file.lambda",
            "yandex_function.write2bd",
            "yandex_iam_service_account.invoker-sa",
            "yandex_iam_service_account.ydb-editor-sa",
            "yandex_iam_service_account_static_access_key.ydb-editor-key"
          ]
        }
      ]
    },
    {
      "mode": "managed",
      "type": "yandex_iam_service_account",
      "name": "goy-sa",
      "provider": "provider[\"registry.terraform.io/yandex-cloud/yandex\"]",
      "instances": [
        {
          "schema_version": 0,
          "attributes": {
            "created_at": "2025-04-15T17:13:56Z",
            "description": "service account for function",
            "folder_id": "b1gj6dgm692ri5dl865t",
            "id": "aje0eng522klbv67smd9",
            "name": "goy-service-account",
            "timeouts": null
          },
          "sensitive_attributes": [],
          "private": "eyJlMmJmYjczMC1lY2FhLTExZTYtOGY4OC0zNDM2M2JjN2M0YzAiOnsiY3JlYXRlIjo2MDAwMDAwMDAwMCwiZGVsZXRlIjo2MDAwMDAwMDAwMCwidXBkYXRlIjo2MDAwMDAwMDAwMH19"
        }
      ]
    },
    {
      "mode": "managed",
      "type": "yandex_iam_service_account",
      "name": "invoker-sa",
      "provider": "provider[\"registry.terraform.io/yandex-cloud/yandex\"]",
      "instances": [
        {
          "schema_version": 0,
          "attributes": {
            "created_at": "2025-04-15T17:13:58Z",
            "description": "service account for INVOKER",
            "folder_id": "b1gj6dgm692ri5dl865t",
            "id": "ajevjq0faqvue53m2u6b",
            "name": "service-account-for-invoker",
            "timeouts": null
          },
          "sensitive_attributes": [],
          "private": "eyJlMmJmYjczMC1lY2FhLTExZTYtOGY4OC0zNDM2M2JjN2M0YzAiOnsiY3JlYXRlIjo2MDAwMDAwMDAwMCwiZGVsZXRlIjo2MDAwMDAwMDAwMCwidXBkYXRlIjo2MDAwMDAwMDAwMH19"
        }
      ]
    },
    {
      "mode": "managed",
      "type": "yandex_iam_service_account",
      "name": "ydb-editor-sa",
      "provider": "provider[\"registry.terraform.io/yandex-cloud/yandex\"]",
      "instances": [
        {
          "schema_version": 0,
          "attributes": {
            "created_at": "2025-04-15T17:13:52Z",
            "description": "service account for write to Data Base",
            "folder_id": "b1gj6dgm692ri5dl865t",
            "id": "aje9rfee1765okhn6fqi",
            "name": "sa-ydb-write",
            "timeouts": null
          },
          "sensitive_attributes": [],
          "private": "eyJlMmJmYjczMC1lY2FhLTExZTYtOGY4OC0zNDM2M2JjN2M0YzAiOnsiY3JlYXRlIjo2MDAwMDAwMDAwMCwiZGVsZXRlIjo2MDAwMDAwMDAwMCwidXBkYXRlIjo2MDAwMDAwMDAwMH19"
        }
      ]
    },
    {
      "mode": "managed",
      "type": "yandex_iam_service_account_static_access_key",
      "name": "goy-static-key",
      "provider": "provider[\"registry.terraform.io/yandex-cloud/yandex\"]",
      "instances": [
        {
          "schema_version": 0,
          "attributes": {
            "access_key": "YCAJEUcIxS7iC3e_a-01QhOmg",
            "created_at": "2025-04-15T17:13:58Z",
            "description": "Static Key for goy",
            "encrypted_secret_key": null,
            "id": "ajevhfjo8krc988tgjuc",
            "key_fingerprint": null,
            "output_to_lockbox": [],
            "output_to_lockbox_version_id": null,
            "pgp_key": null,
            "secret_key": "YCPfmSDyjFvGWjBrPcSLd43Jw47e9byNxwXJ6eWP",
            "service_account_id": "aje0eng522klbv67smd9"
          },
          "sensitive_attributes": [
            [
              {
                "type": "get_attr",
                "value": "secret_key"
              }
            ]
          ],
          "private": "bnVsbA==",
          "dependencies": [
            "yandex_iam_service_account.goy-sa"
          ]
        }
      ]
    },
    {
      "mode": "managed",
      "type": "yandex_iam_service_account_static_access_key",
      "name": "ydb-editor-key",
      "provider": "provider[\"registry.terraform.io/yandex-cloud/yandex\"]",
      "instances": [
        {
          "schema_version": 0,
          "attributes": {
            "access_key": "YCAJEMDvKJCi3porYqKGbQYE-",
            "created_at": "2025-04-15T17:13:56Z",
            "description": "Static Key for ydb-write-sa",
            "encrypted_secret_key": null,
            "id": "aje1qgvuirolvai8rl63",
            "key_fingerprint": null,
            "output_to_lockbox": [],
            "output_to_lockbox_version_id": null,
            "pgp_key": null,
            "secret_key": "YCM0ucYNGkDP29LM2gLcZamLNToxk_5fZvEq1Y7A",
            "service_account_id": "aje9rfee1765okhn6fqi"
          },
          "sensitive_attributes": [
            [
              {
                "type": "get_attr",
                "value": "secret_key"
              }
            ]
          ],
          "private": "bnVsbA==",
          "dependencies": [
            "yandex_iam_service_account.ydb-editor-sa"
          ]
        }
      ]
    },
    {
      "mode": "managed",
      "type": "yandex_resourcemanager_folder_iam_member",
      "name": "invoker-role",
      "provider": "provider[\"registry.terraform.io/yandex-cloud/yandex\"]",
      "instances": [
        {
          "schema_version": 0,
          "attributes": {
            "folder_id": "b1gj6dgm692ri5dl865t",
            "id": "b1gj6dgm692ri5dl865t/functions.functionInvoker/serviceAccount:ajevjq0faqvue53m2u6b",
            "member": "serviceAccount:ajevjq0faqvue53m2u6b",
            "role": "functions.functionInvoker",
            "sleep_after": null,
            "timeouts": null
          },
          "sensitive_attributes": [],
          "private": "eyJlMmJmYjczMC1lY2FhLTExZTYtOGY4OC0zNDM2M2JjN2M0YzAiOnsiY3JlYXRlIjo2MDAwMDAwMDAwMCwiZGVmYXVsdCI6NjAwMDAwMDAwMDAsImRlbGV0ZSI6NjAwMDAwMDAwMDAsInJlYWQiOjYwMDAwMDAwMDAwLCJ1cGRhdGUiOjYwMDAwMDAwMDAwfX0=",
          "dependencies": [
            "yandex_iam_service_account.invoker-sa"
          ]
        }
      ]
    },
    {
      "mode": "managed",
      "type": "yandex_resourcemanager_folder_iam_member",
      "name": "ydb-editor-role",
      "provider": "provider[\"registry.terraform.io/yandex-cloud/yandex\"]",
      "instances": [
        {
          "schema_version": 0,
          "attributes": {
            "folder_id": "b1gj6dgm692ri5dl865t",
            "id": "b1gj6dgm692ri5dl865t/ydb.editor/serviceAccount:aje9rfee1765okhn6fqi",
            "member": "serviceAccount:aje9rfee1765okhn6fqi",
            "role": "ydb.editor",
            "sleep_after": null,
            "timeouts": null
          },
          "sensitive_attributes": [],
          "private": "eyJlMmJmYjczMC1lY2FhLTExZTYtOGY4OC0zNDM2M2JjN2M0YzAiOnsiY3JlYXRlIjo2MDAwMDAwMDAwMCwiZGVmYXVsdCI6NjAwMDAwMDAwMDAsImRlbGV0ZSI6NjAwMDAwMDAwMDAsInJlYWQiOjYwMDAwMDAwMDAwLCJ1cGRhdGUiOjYwMDAwMDAwMDAwfX0=",
          "dependencies": [
            "yandex_iam_service_account.ydb-editor-sa"
          ]
        }
      ]
    },
    {
      "mode": "managed",
      "type": "yandex_ydb_table",
      "name": "metric_table",
      "provider": "provider[\"registry.terraform.io/yandex-cloud/yandex\"]",
      "instances": [
        {
          "schema_version": 0,
          "attributes": {
            "attributes": {},
            "column": [
              {
                "family": "",
                "name": "metricname",
                "not_null": true,
                "type": "Utf8"
              },
              {
                "family": "",
                "name": "updated_at",
                "not_null": false,
                "type": "Timestamp"
              },
              {
                "family": "",
                "name": "value",
                "not_null": true,
                "type": "Double"
              }
            ],
            "connection_string": "grpcs://ydb.serverless.yandexcloud.net:2135/?database=/ru-central1/b1gatc4m3hv1ldldhljp/etng5tv897avcvrror1v",
            "family": [],
            "id": "grpcs://ydb.serverless.yandexcloud.net:2135/?database=/ru-central1/b1gatc4m3hv1ldldhljp/etng5tv897avcvrror1v?path=metrics",
            "key_bloom_filter": false,
            "partitioning_settings": [
              {
                "auto_partitioning_by_load": false,
                "auto_partitioning_by_size_enabled": true,
                "auto_partitioning_max_partitions_count": 0,
                "auto_partitioning_min_partitions_count": 1,
                "auto_partitioning_partition_size_mb": 2048,
                "partition_at_keys": [],
                "uniform_partitions": 0
              }
            ],
            "path": "metrics",
            "primary_key": [
              "metricname"
            ],
            "read_replicas_settings": "PER_AZ:0",
            "timeouts": null,
            "ttl": []
          },
          "sensitive_attributes": [],
          "private": "eyJlMmJmYjczMC1lY2FhLTExZTYtOGY4OC0zNDM2M2JjN2M0YzAiOnsiY3JlYXRlIjo2MDAwMDAwMDAwMCwiZGVmYXVsdCI6NjAwMDAwMDAwMDAsImRlbGV0ZSI6NjAwMDAwMDAwMDAsInJlYWQiOjYwMDAwMDAwMDAwLCJ1cGRhdGUiOjYwMDAwMDAwMDAwfX0="
        }
      ]
    }
  ],
  "check_results": null
}
